// !$*UTF8*$!
{
	archiveVersion = 1;
	classes = {
	};
	objectVersion = 50;
	objects = {

/* Begin PBXBuildFile section */
		326998332680CD9B0074E586 /* PersonalBodyguardTableViewController.swift in Sources */ = {isa = PBXBuildFile; fileRef = 326998322680CD9B0074E586 /* PersonalBodyguardTableViewController.swift */; };
		3269983C2680DA0F0074E586 /* MainViewTableViewCell.swift in Sources */ = {isa = PBXBuildFile; fileRef = 3269983A2680DA0F0074E586 /* MainViewTableViewCell.swift */; };
		3269983D2680DA0F0074E586 /* MainViewTableViewCell.xib in Resources */ = {isa = PBXBuildFile; fileRef = 3269983B2680DA0F0074E586 /* MainViewTableViewCell.xib */; };
		326998422680DE8B0074E586 /* MainCustomerViewController.swift in Sources */ = {isa = PBXBuildFile; fileRef = 326998412680DE8B0074E586 /* MainCustomerViewController.swift */; };
		32699850268112DE0074E586 /* CompanyDetailsView.storyboard in Resources */ = {isa = PBXBuildFile; fileRef = 3269984E268112DE0074E586 /* CompanyDetailsView.storyboard */; };
		32699851268112DE0074E586 /* CompanyDetailsTableViewController.swift in Sources */ = {isa = PBXBuildFile; fileRef = 3269984F268112DE0074E586 /* CompanyDetailsTableViewController.swift */; };
		326A3685267EA49000B87D37 /* SignUpView.storyboard in Resources */ = {isa = PBXBuildFile; fileRef = 326A3684267EA49000B87D37 /* SignUpView.storyboard */; };
		326A368D267EA6DD00B87D37 /* SignUpTableViewController.swift in Sources */ = {isa = PBXBuildFile; fileRef = 326A368C267EA6DD00B87D37 /* SignUpTableViewController.swift */; };
		327689B5269CA4B700CC61C0 /* KafoServiceViewController.swift in Sources */ = {isa = PBXBuildFile; fileRef = 327689B4269CA4B700CC61C0 /* KafoServiceViewController.swift */; };
		327689BD269CA4D400CC61C0 /* KafoServiceView.storyboard in Resources */ = {isa = PBXBuildFile; fileRef = 327689BC269CA4D400CC61C0 /* KafoServiceView.storyboard */; };
		327689C5269CBFDB00CC61C0 /* BodyguardGenderView.storyboard in Resources */ = {isa = PBXBuildFile; fileRef = 327689C4269CBFDB00CC61C0 /* BodyguardGenderView.storyboard */; };
		327689CA269CC10100CC61C0 /* BodyGuardGenderViewController.swift in Sources */ = {isa = PBXBuildFile; fileRef = 327689C9269CC10100CC61C0 /* BodyGuardGenderViewController.swift */; };
		327689D2269CC84500CC61C0 /* NumberOfHoursView.storyboard in Resources */ = {isa = PBXBuildFile; fileRef = 327689D1269CC84500CC61C0 /* NumberOfHoursView.storyboard */; };
		327689D7269CCA1D00CC61C0 /* NumberOfHoursViewController.swift in Sources */ = {isa = PBXBuildFile; fileRef = 327689D6269CCA1D00CC61C0 /* NumberOfHoursViewController.swift */; };
		3277D2002677BDCA00F84C30 /* AppDelegate.swift in Sources */ = {isa = PBXBuildFile; fileRef = 3277D1FF2677BDCA00F84C30 /* AppDelegate.swift */; };
		3277D2022677BDCB00F84C30 /* SceneDelegate.swift in Sources */ = {isa = PBXBuildFile; fileRef = 3277D2012677BDCB00F84C30 /* SceneDelegate.swift */; };
		3277D2042677BDCB00F84C30 /* ViewController.swift in Sources */ = {isa = PBXBuildFile; fileRef = 3277D2032677BDCB00F84C30 /* ViewController.swift */; };
		3277D2072677BDCB00F84C30 /* Main.storyboard in Resources */ = {isa = PBXBuildFile; fileRef = 3277D2052677BDCB00F84C30 /* Main.storyboard */; };
		3277D2092677BDCD00F84C30 /* Assets.xcassets in Resources */ = {isa = PBXBuildFile; fileRef = 3277D2082677BDCD00F84C30 /* Assets.xcassets */; };
		3277D20C2677BDCD00F84C30 /* LaunchScreen.storyboard in Resources */ = {isa = PBXBuildFile; fileRef = 3277D20A2677BDCD00F84C30 /* LaunchScreen.storyboard */; };
		3277D2172677BDCE00F84C30 /* kafoTests.swift in Sources */ = {isa = PBXBuildFile; fileRef = 3277D2162677BDCE00F84C30 /* kafoTests.swift */; };
		3277D2222677BDCE00F84C30 /* kafoUITests.swift in Sources */ = {isa = PBXBuildFile; fileRef = 3277D2212677BDCE00F84C30 /* kafoUITests.swift */; };
		3277D2392677BFED00F84C30 /* LoginViewController.swift in Sources */ = {isa = PBXBuildFile; fileRef = 3277D2382677BFED00F84C30 /* LoginViewController.swift */; };
		3277D24D2677C05C00F84C30 /* LoginVIewController + TextFiledDelegate.swift in Sources */ = {isa = PBXBuildFile; fileRef = 3277D24C2677C05C00F84C30 /* LoginVIewController + TextFiledDelegate.swift */; };
		3277D2562677C08F00F84C30 /* LoginView.storyboard in Resources */ = {isa = PBXBuildFile; fileRef = 3277D2542677C08F00F84C30 /* LoginView.storyboard */; };
		328A564A2699D1EF00BFD9C2 /* ServicesView.storyboard in Resources */ = {isa = PBXBuildFile; fileRef = 328A56492699D1EF00BFD9C2 /* ServicesView.storyboard */; };
		328A56522699EA5200BFD9C2 /* ServicesTableViewController.swift in Sources */ = {isa = PBXBuildFile; fileRef = 328A56512699EA5200BFD9C2 /* ServicesTableViewController.swift */; };
		328A565C2699F1C600BFD9C2 /* LocationView.storyboard in Resources */ = {isa = PBXBuildFile; fileRef = 328A565B2699F1C600BFD9C2 /* LocationView.storyboard */; };
		328A56672699F73F00BFD9C2 /* LocationViewController.swift in Sources */ = {isa = PBXBuildFile; fileRef = 328A56662699F73F00BFD9C2 /* LocationViewController.swift */; };
		329B6095267FD87D008AB2DE /* Checkbox.swift in Sources */ = {isa = PBXBuildFile; fileRef = 329B6094267FD87D008AB2DE /* Checkbox.swift */; };
		329B60A0267FE9C4008AB2DE /* MainCustomerView.storyboard in Resources */ = {isa = PBXBuildFile; fileRef = 329B609F267FE9C4008AB2DE /* MainCustomerView.storyboard */; };
		329B60AC267FED7D008AB2DE /* PersonalBodyguardView.storyboard in Resources */ = {isa = PBXBuildFile; fileRef = 329B60AB267FED7D008AB2DE /* PersonalBodyguardView.storyboard */; };
		32B25E59267C184500ED2082 /* CustomerOrWorkerViewController.swift in Sources */ = {isa = PBXBuildFile; fileRef = 32B25E58267C184500ED2082 /* CustomerOrWorkerViewController.swift */; };
		32DDC4F2269C78F200969823 /* ListOfBodyGuards.storyboard in Resources */ = {isa = PBXBuildFile; fileRef = 32DDC4F1269C78F200969823 /* ListOfBodyGuards.storyboard */; };
		32DDC4F9269C79BB00969823 /* ListOfGuardsTableViewCell.swift in Sources */ = {isa = PBXBuildFile; fileRef = 32DDC4F7269C79BB00969823 /* ListOfGuardsTableViewCell.swift */; };
		32DDC4FA269C79BB00969823 /* ListOfGuardsTableViewCell.xib in Resources */ = {isa = PBXBuildFile; fileRef = 32DDC4F8269C79BB00969823 /* ListOfGuardsTableViewCell.xib */; };
		32DDC4FF269C7CDE00969823 /* ListOfBodyGuardsViewController.swift in Sources */ = {isa = PBXBuildFile; fileRef = 32DDC4FE269C7CDE00969823 /* ListOfBodyGuardsViewController.swift */; };
/* End PBXBuildFile section */

/* Begin PBXContainerItemProxy section */
		3277D2132677BDCE00F84C30 /* PBXContainerItemProxy */ = {
			isa = PBXContainerItemProxy;
			containerPortal = 3277D1F42677BDCA00F84C30 /* Project object */;
			proxyType = 1;
			remoteGlobalIDString = 3277D1FB2677BDCA00F84C30;
			remoteInfo = kafo;
		};
		3277D21E2677BDCE00F84C30 /* PBXContainerItemProxy */ = {
			isa = PBXContainerItemProxy;
			containerPortal = 3277D1F42677BDCA00F84C30 /* Project object */;
			proxyType = 1;
			remoteGlobalIDString = 3277D1FB2677BDCA00F84C30;
			remoteInfo = kafo;
		};
/* End PBXContainerItemProxy section */

/* Begin PBXFileReference section */
		326998322680CD9B0074E586 /* PersonalBodyguardTableViewController.swift */ = {isa = PBXFileReference; lastKnownFileType = sourcecode.swift; path = PersonalBodyguardTableViewController.swift; sourceTree = "<group>"; };
		3269983A2680DA0F0074E586 /* MainViewTableViewCell.swift */ = {isa = PBXFileReference; lastKnownFileType = sourcecode.swift; path = MainViewTableViewCell.swift; sourceTree = "<group>"; };
		3269983B2680DA0F0074E586 /* MainViewTableViewCell.xib */ = {isa = PBXFileReference; lastKnownFileType = file.xib; path = MainViewTableViewCell.xib; sourceTree = "<group>"; };
		326998412680DE8B0074E586 /* MainCustomerViewController.swift */ = {isa = PBXFileReference; lastKnownFileType = sourcecode.swift; path = MainCustomerViewController.swift; sourceTree = "<group>"; };
		3269984E268112DE0074E586 /* CompanyDetailsView.storyboard */ = {isa = PBXFileReference; fileEncoding = 4; lastKnownFileType = file.storyboard; path = CompanyDetailsView.storyboard; sourceTree = "<group>"; };
		3269984F268112DE0074E586 /* CompanyDetailsTableViewController.swift */ = {isa = PBXFileReference; fileEncoding = 4; lastKnownFileType = sourcecode.swift; path = CompanyDetailsTableViewController.swift; sourceTree = "<group>"; };
		326A3684267EA49000B87D37 /* SignUpView.storyboard */ = {isa = PBXFileReference; lastKnownFileType = file.storyboard; path = SignUpView.storyboard; sourceTree = "<group>"; };
		326A368C267EA6DD00B87D37 /* SignUpTableViewController.swift */ = {isa = PBXFileReference; lastKnownFileType = sourcecode.swift; path = SignUpTableViewController.swift; sourceTree = "<group>"; };
		327689B4269CA4B700CC61C0 /* KafoServiceViewController.swift */ = {isa = PBXFileReference; lastKnownFileType = sourcecode.swift; path = KafoServiceViewController.swift; sourceTree = "<group>"; };
		327689BC269CA4D400CC61C0 /* KafoServiceView.storyboard */ = {isa = PBXFileReference; lastKnownFileType = file.storyboard; path = KafoServiceView.storyboard; sourceTree = "<group>"; };
		327689C4269CBFDB00CC61C0 /* BodyguardGenderView.storyboard */ = {isa = PBXFileReference; lastKnownFileType = file.storyboard; path = BodyguardGenderView.storyboard; sourceTree = "<group>"; };
		327689C9269CC10100CC61C0 /* BodyGuardGenderViewController.swift */ = {isa = PBXFileReference; lastKnownFileType = sourcecode.swift; path = BodyGuardGenderViewController.swift; sourceTree = "<group>"; };
		327689D1269CC84500CC61C0 /* NumberOfHoursView.storyboard */ = {isa = PBXFileReference; lastKnownFileType = file.storyboard; path = NumberOfHoursView.storyboard; sourceTree = "<group>"; };
		327689D6269CCA1D00CC61C0 /* NumberOfHoursViewController.swift */ = {isa = PBXFileReference; lastKnownFileType = sourcecode.swift; path = NumberOfHoursViewController.swift; sourceTree = "<group>"; };
		3277D1FC2677BDCA00F84C30 /* kafo.app */ = {isa = PBXFileReference; explicitFileType = wrapper.application; includeInIndex = 0; path = kafo.app; sourceTree = BUILT_PRODUCTS_DIR; };
		3277D1FF2677BDCA00F84C30 /* AppDelegate.swift */ = {isa = PBXFileReference; lastKnownFileType = sourcecode.swift; path = AppDelegate.swift; sourceTree = "<group>"; };
		3277D2012677BDCB00F84C30 /* SceneDelegate.swift */ = {isa = PBXFileReference; lastKnownFileType = sourcecode.swift; path = SceneDelegate.swift; sourceTree = "<group>"; };
		3277D2032677BDCB00F84C30 /* ViewController.swift */ = {isa = PBXFileReference; lastKnownFileType = sourcecode.swift; path = ViewController.swift; sourceTree = "<group>"; };
		3277D2062677BDCB00F84C30 /* Base */ = {isa = PBXFileReference; lastKnownFileType = file.storyboard; name = Base; path = Base.lproj/Main.storyboard; sourceTree = "<group>"; };
		3277D2082677BDCD00F84C30 /* Assets.xcassets */ = {isa = PBXFileReference; lastKnownFileType = folder.assetcatalog; path = Assets.xcassets; sourceTree = "<group>"; };
		3277D20B2677BDCD00F84C30 /* Base */ = {isa = PBXFileReference; lastKnownFileType = file.storyboard; name = Base; path = Base.lproj/LaunchScreen.storyboard; sourceTree = "<group>"; };
		3277D20D2677BDCD00F84C30 /* Info.plist */ = {isa = PBXFileReference; lastKnownFileType = text.plist.xml; path = Info.plist; sourceTree = "<group>"; };
		3277D2122677BDCE00F84C30 /* kafoTests.xctest */ = {isa = PBXFileReference; explicitFileType = wrapper.cfbundle; includeInIndex = 0; path = kafoTests.xctest; sourceTree = BUILT_PRODUCTS_DIR; };
		3277D2162677BDCE00F84C30 /* kafoTests.swift */ = {isa = PBXFileReference; lastKnownFileType = sourcecode.swift; path = kafoTests.swift; sourceTree = "<group>"; };
		3277D2182677BDCE00F84C30 /* Info.plist */ = {isa = PBXFileReference; lastKnownFileType = text.plist.xml; path = Info.plist; sourceTree = "<group>"; };
		3277D21D2677BDCE00F84C30 /* kafoUITests.xctest */ = {isa = PBXFileReference; explicitFileType = wrapper.cfbundle; includeInIndex = 0; path = kafoUITests.xctest; sourceTree = BUILT_PRODUCTS_DIR; };
		3277D2212677BDCE00F84C30 /* kafoUITests.swift */ = {isa = PBXFileReference; lastKnownFileType = sourcecode.swift; path = kafoUITests.swift; sourceTree = "<group>"; };
		3277D2232677BDCE00F84C30 /* Info.plist */ = {isa = PBXFileReference; lastKnownFileType = text.plist.xml; path = Info.plist; sourceTree = "<group>"; };
		3277D2382677BFED00F84C30 /* LoginViewController.swift */ = {isa = PBXFileReference; fileEncoding = 4; lastKnownFileType = sourcecode.swift; path = LoginViewController.swift; sourceTree = "<group>"; };
		3277D24C2677C05C00F84C30 /* LoginVIewController + TextFiledDelegate.swift */ = {isa = PBXFileReference; fileEncoding = 4; lastKnownFileType = sourcecode.swift; path = "LoginVIewController + TextFiledDelegate.swift"; sourceTree = "<group>"; };
		3277D2552677C08F00F84C30 /* Base */ = {isa = PBXFileReference; lastKnownFileType = file.storyboard; name = Base; path = Base.lproj/LoginView.storyboard; sourceTree = "<group>"; };
		328A56492699D1EF00BFD9C2 /* ServicesView.storyboard */ = {isa = PBXFileReference; lastKnownFileType = file.storyboard; path = ServicesView.storyboard; sourceTree = "<group>"; };
		328A56512699EA5200BFD9C2 /* ServicesTableViewController.swift */ = {isa = PBXFileReference; lastKnownFileType = sourcecode.swift; path = ServicesTableViewController.swift; sourceTree = "<group>"; };
		328A565B2699F1C600BFD9C2 /* LocationView.storyboard */ = {isa = PBXFileReference; lastKnownFileType = file.storyboard; path = LocationView.storyboard; sourceTree = "<group>"; };
		328A56662699F73F00BFD9C2 /* LocationViewController.swift */ = {isa = PBXFileReference; lastKnownFileType = sourcecode.swift; path = LocationViewController.swift; sourceTree = "<group>"; };
		329B6094267FD87D008AB2DE /* Checkbox.swift */ = {isa = PBXFileReference; fileEncoding = 4; lastKnownFileType = sourcecode.swift; path = Checkbox.swift; sourceTree = "<group>"; };
		329B609F267FE9C4008AB2DE /* MainCustomerView.storyboard */ = {isa = PBXFileReference; lastKnownFileType = file.storyboard; path = MainCustomerView.storyboard; sourceTree = "<group>"; };
		329B60AB267FED7D008AB2DE /* PersonalBodyguardView.storyboard */ = {isa = PBXFileReference; lastKnownFileType = file.storyboard; path = PersonalBodyguardView.storyboard; sourceTree = "<group>"; };
		32B25E58267C184500ED2082 /* CustomerOrWorkerViewController.swift */ = {isa = PBXFileReference; lastKnownFileType = sourcecode.swift; path = CustomerOrWorkerViewController.swift; sourceTree = "<group>"; };
		32DDC4F1269C78F200969823 /* ListOfBodyGuards.storyboard */ = {isa = PBXFileReference; lastKnownFileType = file.storyboard; path = ListOfBodyGuards.storyboard; sourceTree = "<group>"; };
		32DDC4F7269C79BB00969823 /* ListOfGuardsTableViewCell.swift */ = {isa = PBXFileReference; lastKnownFileType = sourcecode.swift; path = ListOfGuardsTableViewCell.swift; sourceTree = "<group>"; };
		32DDC4F8269C79BB00969823 /* ListOfGuardsTableViewCell.xib */ = {isa = PBXFileReference; lastKnownFileType = file.xib; path = ListOfGuardsTableViewCell.xib; sourceTree = "<group>"; };
		32DDC4FE269C7CDE00969823 /* ListOfBodyGuardsViewController.swift */ = {isa = PBXFileReference; lastKnownFileType = sourcecode.swift; path = ListOfBodyGuardsViewController.swift; sourceTree = "<group>"; };
/* End PBXFileReference section */

/* Begin PBXFrameworksBuildPhase section */
		3277D1F92677BDCA00F84C30 /* Frameworks */ = {
			isa = PBXFrameworksBuildPhase;
			buildActionMask = 2147483647;
			files = (
			);
			runOnlyForDeploymentPostprocessing = 0;
		};
		3277D20F2677BDCE00F84C30 /* Frameworks */ = {
			isa = PBXFrameworksBuildPhase;
			buildActionMask = 2147483647;
			files = (
			);
			runOnlyForDeploymentPostprocessing = 0;
		};
		3277D21A2677BDCE00F84C30 /* Frameworks */ = {
			isa = PBXFrameworksBuildPhase;
			buildActionMask = 2147483647;
			files = (
			);
			runOnlyForDeploymentPostprocessing = 0;
		};
/* End PBXFrameworksBuildPhase section */

/* Begin PBXGroup section */
		3269984C268112840074E586 /* CompanyDetails */ = {
			isa = PBXGroup;
			children = (
				3269984D268112980074E586 /* View */,
			);
			path = CompanyDetails;
			sourceTree = "<group>";
		};
		3269984D268112980074E586 /* View */ = {
			isa = PBXGroup;
			children = (
				3269984F268112DE0074E586 /* CompanyDetailsTableViewController.swift */,
				3269984E268112DE0074E586 /* CompanyDetailsView.storyboard */,
			);
			path = View;
			sourceTree = "<group>";
		};
		326A3682267EA42F00B87D37 /* SignUp */ = {
			isa = PBXGroup;
			children = (
				326A3683267EA44100B87D37 /* View */,
			);
			path = SignUp;
			sourceTree = "<group>";
		};
		326A3683267EA44100B87D37 /* View */ = {
			isa = PBXGroup;
			children = (
				326A3684267EA49000B87D37 /* SignUpView.storyboard */,
				326A368C267EA6DD00B87D37 /* SignUpTableViewController.swift */,
			);
			path = View;
			sourceTree = "<group>";
		};
		327689B0269CA28F00CC61C0 /* KafoService */ = {
			isa = PBXGroup;
			children = (
				327689B3269CA2D800CC61C0 /* KafoSerivceNumberOfHours */,
				327689B2269CA2B800CC61C0 /* KafoServiceGender */,
				327689B1269CA2A100CC61C0 /* KafoService */,
			);
			path = KafoService;
			sourceTree = "<group>";
		};
		327689B1269CA2A100CC61C0 /* KafoService */ = {
			isa = PBXGroup;
			children = (
				327689CF269CC80F00CC61C0 /* View */,
			);
			path = KafoService;
			sourceTree = "<group>";
		};
		327689B2269CA2B800CC61C0 /* KafoServiceGender */ = {
			isa = PBXGroup;
			children = (
				327689D0269CC81F00CC61C0 /* View */,
			);
			path = KafoServiceGender;
			sourceTree = "<group>";
		};
		327689B3269CA2D800CC61C0 /* KafoSerivceNumberOfHours */ = {
			isa = PBXGroup;
			children = (
				327689CE269CC80800CC61C0 /* View */,
			);
			path = KafoSerivceNumberOfHours;
			sourceTree = "<group>";
		};
		327689CE269CC80800CC61C0 /* View */ = {
			isa = PBXGroup;
			children = (
				327689D1269CC84500CC61C0 /* NumberOfHoursView.storyboard */,
				327689D6269CCA1D00CC61C0 /* NumberOfHoursViewController.swift */,
			);
			path = View;
			sourceTree = "<group>";
		};
		327689CF269CC80F00CC61C0 /* View */ = {
			isa = PBXGroup;
			children = (
				327689BC269CA4D400CC61C0 /* KafoServiceView.storyboard */,
				327689B4269CA4B700CC61C0 /* KafoServiceViewController.swift */,
			);
			path = View;
			sourceTree = "<group>";
		};
		327689D0269CC81F00CC61C0 /* View */ = {
			isa = PBXGroup;
			children = (
				327689C9269CC10100CC61C0 /* BodyGuardGenderViewController.swift */,
				327689C4269CBFDB00CC61C0 /* BodyguardGenderView.storyboard */,
			);
			path = View;
			sourceTree = "<group>";
		};
		3277D1F32677BDCA00F84C30 = {
			isa = PBXGroup;
			children = (
				3277D1FE2677BDCA00F84C30 /* kafo */,
				3277D2152677BDCE00F84C30 /* kafoTests */,
				3277D2202677BDCE00F84C30 /* kafoUITests */,
				3277D1FD2677BDCA00F84C30 /* Products */,
			);
			sourceTree = "<group>";
		};
		3277D1FD2677BDCA00F84C30 /* Products */ = {
			isa = PBXGroup;
			children = (
				3277D1FC2677BDCA00F84C30 /* kafo.app */,
				3277D2122677BDCE00F84C30 /* kafoTests.xctest */,
				3277D21D2677BDCE00F84C30 /* kafoUITests.xctest */,
			);
			name = Products;
			sourceTree = "<group>";
		};
		3277D1FE2677BDCA00F84C30 /* kafo */ = {
			isa = PBXGroup;
			children = (
				329B6086267FD831008AB2DE /* Common */,
				3277D2322677BEE400F84C30 /* Presentaion */,
				3277D1FF2677BDCA00F84C30 /* AppDelegate.swift */,
				3277D2012677BDCB00F84C30 /* SceneDelegate.swift */,
				3277D2032677BDCB00F84C30 /* ViewController.swift */,
				3277D2052677BDCB00F84C30 /* Main.storyboard */,
				3277D2082677BDCD00F84C30 /* Assets.xcassets */,
				3277D20A2677BDCD00F84C30 /* LaunchScreen.storyboard */,
				3277D20D2677BDCD00F84C30 /* Info.plist */,
			);
			path = kafo;
			sourceTree = "<group>";
		};
		3277D2152677BDCE00F84C30 /* kafoTests */ = {
			isa = PBXGroup;
			children = (
				3277D2162677BDCE00F84C30 /* kafoTests.swift */,
				3277D2182677BDCE00F84C30 /* Info.plist */,
			);
			path = kafoTests;
			sourceTree = "<group>";
		};
		3277D2202677BDCE00F84C30 /* kafoUITests */ = {
			isa = PBXGroup;
			children = (
				3277D2212677BDCE00F84C30 /* kafoUITests.swift */,
				3277D2232677BDCE00F84C30 /* Info.plist */,
			);
			path = kafoUITests;
			sourceTree = "<group>";
		};
		3277D2322677BEE400F84C30 /* Presentaion */ = {
			isa = PBXGroup;
			children = (
				327689B0269CA28F00CC61C0 /* KafoService */,
				32DDC4EF269C765700969823 /* ListOfBodyGuards */,
				328A565A2699F1A800BFD9C2 /* Location */,
				328A56472699D18E00BFD9C2 /* Services */,
				329B60A8267FECF0008AB2DE /* Customer */,
				3277D2332677BF2F00F84C30 /* Auth */,
			);
			path = Presentaion;
			sourceTree = "<group>";
		};
		3277D2332677BF2F00F84C30 /* Auth */ = {
			isa = PBXGroup;
			children = (
				326A3682267EA42F00B87D37 /* SignUp */,
				3277D2342677BF4900F84C30 /* Login */,
			);
			path = Auth;
			sourceTree = "<group>";
		};
		3277D2342677BF4900F84C30 /* Login */ = {
			isa = PBXGroup;
			children = (
				3277D2372677BF9900F84C30 /* LoginFirebaseManager */,
				3277D2362677BF8300F84C30 /* ViewModel */,
				3277D2352677BF7900F84C30 /* View */,
			);
			path = Login;
			sourceTree = "<group>";
		};
		3277D2352677BF7900F84C30 /* View */ = {
			isa = PBXGroup;
			children = (
				3277D24B2677C05C00F84C30 /* Extensions */,
				3277D2382677BFED00F84C30 /* LoginViewController.swift */,
				3277D2542677C08F00F84C30 /* LoginView.storyboard */,
				32B25E58267C184500ED2082 /* CustomerOrWorkerViewController.swift */,
			);
			path = View;
			sourceTree = "<group>";
		};
		3277D2362677BF8300F84C30 /* ViewModel */ = {
			isa = PBXGroup;
			children = (
			);
			path = ViewModel;
			sourceTree = "<group>";
		};
		3277D2372677BF9900F84C30 /* LoginFirebaseManager */ = {
			isa = PBXGroup;
			children = (
			);
			path = LoginFirebaseManager;
			sourceTree = "<group>";
		};
		3277D24B2677C05C00F84C30 /* Extensions */ = {
			isa = PBXGroup;
			children = (
				3277D24C2677C05C00F84C30 /* LoginVIewController + TextFiledDelegate.swift */,
			);
			path = Extensions;
			sourceTree = "<group>";
		};
		328A56472699D18E00BFD9C2 /* Services */ = {
			isa = PBXGroup;
			children = (
				328A56482699D19900BFD9C2 /* View */,
			);
			path = Services;
			sourceTree = "<group>";
		};
		328A56482699D19900BFD9C2 /* View */ = {
			isa = PBXGroup;
			children = (
				328A56492699D1EF00BFD9C2 /* ServicesView.storyboard */,
				328A56512699EA5200BFD9C2 /* ServicesTableViewController.swift */,
			);
			path = View;
			sourceTree = "<group>";
		};
		328A565A2699F1A800BFD9C2 /* Location */ = {
			isa = PBXGroup;
			children = (
				328A565B2699F1C600BFD9C2 /* LocationView.storyboard */,
				328A56662699F73F00BFD9C2 /* LocationViewController.swift */,
			);
			path = Location;
			sourceTree = "<group>";
		};
		329B6086267FD831008AB2DE /* Common */ = {
			isa = PBXGroup;
			children = (
				329B6094267FD87D008AB2DE /* Checkbox.swift */,
			);
			path = Common;
			sourceTree = "<group>";
		};
		329B609C267FE93E008AB2DE /* Main */ = {
			isa = PBXGroup;
			children = (
				329B609E267FE9A6008AB2DE /* View */,
			);
			path = Main;
			sourceTree = "<group>";
		};
		329B609E267FE9A6008AB2DE /* View */ = {
			isa = PBXGroup;
			children = (
				329B60A4267FEA0B008AB2DE /* Cell */,
				329B609F267FE9C4008AB2DE /* MainCustomerView.storyboard */,
				326998412680DE8B0074E586 /* MainCustomerViewController.swift */,
			);
			path = View;
			sourceTree = "<group>";
		};
		329B60A4267FEA0B008AB2DE /* Cell */ = {
			isa = PBXGroup;
			children = (
				3269983A2680DA0F0074E586 /* MainViewTableViewCell.swift */,
				3269983B2680DA0F0074E586 /* MainViewTableViewCell.xib */,
			);
			path = Cell;
			sourceTree = "<group>";
		};
		329B60A8267FECF0008AB2DE /* Customer */ = {
			isa = PBXGroup;
			children = (
				3269984C268112840074E586 /* CompanyDetails */,
				329B60A9267FED1A008AB2DE /* PersonalBodyguardDetails */,
				329B609C267FE93E008AB2DE /* Main */,
			);
			path = Customer;
			sourceTree = "<group>";
		};
		329B60A9267FED1A008AB2DE /* PersonalBodyguardDetails */ = {
			isa = PBXGroup;
			children = (
				329B60AA267FED5D008AB2DE /* View */,
			);
			path = PersonalBodyguardDetails;
			sourceTree = "<group>";
		};
		329B60AA267FED5D008AB2DE /* View */ = {
			isa = PBXGroup;
			children = (
				329B60AB267FED7D008AB2DE /* PersonalBodyguardView.storyboard */,
				326998322680CD9B0074E586 /* PersonalBodyguardTableViewController.swift */,
			);
			path = View;
			sourceTree = "<group>";
		};
		32DDC4EF269C765700969823 /* ListOfBodyGuards */ = {
			isa = PBXGroup;
			children = (
				32DDC4F0269C766B00969823 /* View */,
			);
			path = ListOfBodyGuards;
			sourceTree = "<group>";
		};
		32DDC4F0269C766B00969823 /* View */ = {
			isa = PBXGroup;
			children = (
				32DDC4F6269C798100969823 /* Cell */,
				32DDC4F1269C78F200969823 /* ListOfBodyGuards.storyboard */,
				32DDC4FE269C7CDE00969823 /* ListOfBodyGuardsViewController.swift */,
			);
			path = View;
			sourceTree = "<group>";
		};
		32DDC4F6269C798100969823 /* Cell */ = {
			isa = PBXGroup;
			children = (
				32DDC4F7269C79BB00969823 /* ListOfGuardsTableViewCell.swift */,
				32DDC4F8269C79BB00969823 /* ListOfGuardsTableViewCell.xib */,
			);
			path = Cell;
			sourceTree = "<group>";
		};
/* End PBXGroup section */

/* Begin PBXNativeTarget section */
		3277D1FB2677BDCA00F84C30 /* kafo */ = {
			isa = PBXNativeTarget;
			buildConfigurationList = 3277D2262677BDCE00F84C30 /* Build configuration list for PBXNativeTarget "kafo" */;
			buildPhases = (
				3277D1F82677BDCA00F84C30 /* Sources */,
				3277D1F92677BDCA00F84C30 /* Frameworks */,
				3277D1FA2677BDCA00F84C30 /* Resources */,
			);
			buildRules = (
			);
			dependencies = (
			);
			name = kafo;
			productName = kafo;
			productReference = 3277D1FC2677BDCA00F84C30 /* kafo.app */;
			productType = "com.apple.product-type.application";
		};
		3277D2112677BDCE00F84C30 /* kafoTests */ = {
			isa = PBXNativeTarget;
			buildConfigurationList = 3277D2292677BDCE00F84C30 /* Build configuration list for PBXNativeTarget "kafoTests" */;
			buildPhases = (
				3277D20E2677BDCE00F84C30 /* Sources */,
				3277D20F2677BDCE00F84C30 /* Frameworks */,
				3277D2102677BDCE00F84C30 /* Resources */,
			);
			buildRules = (
			);
			dependencies = (
				3277D2142677BDCE00F84C30 /* PBXTargetDependency */,
			);
			name = kafoTests;
			productName = kafoTests;
			productReference = 3277D2122677BDCE00F84C30 /* kafoTests.xctest */;
			productType = "com.apple.product-type.bundle.unit-test";
		};
		3277D21C2677BDCE00F84C30 /* kafoUITests */ = {
			isa = PBXNativeTarget;
			buildConfigurationList = 3277D22C2677BDCE00F84C30 /* Build configuration list for PBXNativeTarget "kafoUITests" */;
			buildPhases = (
				3277D2192677BDCE00F84C30 /* Sources */,
				3277D21A2677BDCE00F84C30 /* Frameworks */,
				3277D21B2677BDCE00F84C30 /* Resources */,
			);
			buildRules = (
			);
			dependencies = (
				3277D21F2677BDCE00F84C30 /* PBXTargetDependency */,
			);
			name = kafoUITests;
			productName = kafoUITests;
			productReference = 3277D21D2677BDCE00F84C30 /* kafoUITests.xctest */;
			productType = "com.apple.product-type.bundle.ui-testing";
		};
/* End PBXNativeTarget section */

/* Begin PBXProject section */
		3277D1F42677BDCA00F84C30 /* Project object */ = {
			isa = PBXProject;
			attributes = {
				LastSwiftUpdateCheck = 1240;
				LastUpgradeCheck = 1240;
				TargetAttributes = {
					3277D1FB2677BDCA00F84C30 = {
						CreatedOnToolsVersion = 12.4;
					};
					3277D2112677BDCE00F84C30 = {
						CreatedOnToolsVersion = 12.4;
						TestTargetID = 3277D1FB2677BDCA00F84C30;
					};
					3277D21C2677BDCE00F84C30 = {
						CreatedOnToolsVersion = 12.4;
						TestTargetID = 3277D1FB2677BDCA00F84C30;
					};
				};
			};
			buildConfigurationList = 3277D1F72677BDCA00F84C30 /* Build configuration list for PBXProject "kafo" */;
			compatibilityVersion = "Xcode 9.3";
			developmentRegion = en;
			hasScannedForEncodings = 0;
			knownRegions = (
				en,
				Base,
			);
			mainGroup = 3277D1F32677BDCA00F84C30;
			productRefGroup = 3277D1FD2677BDCA00F84C30 /* Products */;
			projectDirPath = "";
			projectRoot = "";
			targets = (
				3277D1FB2677BDCA00F84C30 /* kafo */,
				3277D2112677BDCE00F84C30 /* kafoTests */,
				3277D21C2677BDCE00F84C30 /* kafoUITests */,
			);
		};
/* End PBXProject section */

/* Begin PBXResourcesBuildPhase section */
		3277D1FA2677BDCA00F84C30 /* Resources */ = {
			isa = PBXResourcesBuildPhase;
			buildActionMask = 2147483647;
			files = (
				32DDC4FA269C79BB00969823 /* ListOfGuardsTableViewCell.xib in Resources */,
				328A565C2699F1C600BFD9C2 /* LocationView.storyboard in Resources */,
				3277D20C2677BDCD00F84C30 /* LaunchScreen.storyboard in Resources */,
				3277D2092677BDCD00F84C30 /* Assets.xcassets in Resources */,
				326A3685267EA49000B87D37 /* SignUpView.storyboard in Resources */,
				3277D2072677BDCB00F84C30 /* Main.storyboard in Resources */,
				329B60AC267FED7D008AB2DE /* PersonalBodyguardView.storyboard in Resources */,
				328A564A2699D1EF00BFD9C2 /* ServicesView.storyboard in Resources */,
				327689C5269CBFDB00CC61C0 /* BodyguardGenderView.storyboard in Resources */,
				32DDC4F2269C78F200969823 /* ListOfBodyGuards.storyboard in Resources */,
				3269983D2680DA0F0074E586 /* MainViewTableViewCell.xib in Resources */,
				329B60A0267FE9C4008AB2DE /* MainCustomerView.storyboard in Resources */,
				32699850268112DE0074E586 /* CompanyDetailsView.storyboard in Resources */,
				327689D2269CC84500CC61C0 /* NumberOfHoursView.storyboard in Resources */,
				327689BD269CA4D400CC61C0 /* KafoServiceView.storyboard in Resources */,
				3277D2562677C08F00F84C30 /* LoginView.storyboard in Resources */,
			);
			runOnlyForDeploymentPostprocessing = 0;
		};
		3277D2102677BDCE00F84C30 /* Resources */ = {
			isa = PBXResourcesBuildPhase;
			buildActionMask = 2147483647;
			files = (
			);
			runOnlyForDeploymentPostprocessing = 0;
		};
		3277D21B2677BDCE00F84C30 /* Resources */ = {
			isa = PBXResourcesBuildPhase;
			buildActionMask = 2147483647;
			files = (
			);
			runOnlyForDeploymentPostprocessing = 0;
		};
/* End PBXResourcesBuildPhase section */

/* Begin PBXSourcesBuildPhase section */
		3277D1F82677BDCA00F84C30 /* Sources */ = {
			isa = PBXSourcesBuildPhase;
			buildActionMask = 2147483647;
			files = (
				329B6095267FD87D008AB2DE /* Checkbox.swift in Sources */,
				32699851268112DE0074E586 /* CompanyDetailsTableViewController.swift in Sources */,
				3277D24D2677C05C00F84C30 /* LoginVIewController + TextFiledDelegate.swift in Sources */,
				32DDC4FF269C7CDE00969823 /* ListOfBodyGuardsViewController.swift in Sources */,
				3277D2392677BFED00F84C30 /* LoginViewController.swift in Sources */,
				327689CA269CC10100CC61C0 /* BodyGuardGenderViewController.swift in Sources */,
				3277D2042677BDCB00F84C30 /* ViewController.swift in Sources */,
				32DDC4F9269C79BB00969823 /* ListOfGuardsTableViewCell.swift in Sources */,
				326998332680CD9B0074E586 /* PersonalBodyguardTableViewController.swift in Sources */,
				328A56522699EA5200BFD9C2 /* ServicesTableViewController.swift in Sources */,
				328A56672699F73F00BFD9C2 /* LocationViewController.swift in Sources */,
				3277D2002677BDCA00F84C30 /* AppDelegate.swift in Sources */,
				326A368D267EA6DD00B87D37 /* SignUpTableViewController.swift in Sources */,
				3277D2022677BDCB00F84C30 /* SceneDelegate.swift in Sources */,
				32B25E59267C184500ED2082 /* CustomerOrWorkerViewController.swift in Sources */,
				327689D7269CCA1D00CC61C0 /* NumberOfHoursViewController.swift in Sources */,
				326998422680DE8B0074E586 /* MainCustomerViewController.swift in Sources */,
				327689B5269CA4B700CC61C0 /* KafoServiceViewController.swift in Sources */,
				3269983C2680DA0F0074E586 /* MainViewTableViewCell.swift in Sources */,
			);
			runOnlyForDeploymentPostprocessing = 0;
		};
		3277D20E2677BDCE00F84C30 /* Sources */ = {
			isa = PBXSourcesBuildPhase;
			buildActionMask = 2147483647;
			files = (
				3277D2172677BDCE00F84C30 /* kafoTests.swift in Sources */,
			);
			runOnlyForDeploymentPostprocessing = 0;
		};
		3277D2192677BDCE00F84C30 /* Sources */ = {
			isa = PBXSourcesBuildPhase;
			buildActionMask = 2147483647;
			files = (
				3277D2222677BDCE00F84C30 /* kafoUITests.swift in Sources */,
			);
			runOnlyForDeploymentPostprocessing = 0;
		};
/* End PBXSourcesBuildPhase section */

/* Begin PBXTargetDependency section */
		3277D2142677BDCE00F84C30 /* PBXTargetDependency */ = {
			isa = PBXTargetDependency;
			target = 3277D1FB2677BDCA00F84C30 /* kafo */;
			targetProxy = 3277D2132677BDCE00F84C30 /* PBXContainerItemProxy */;
		};
		3277D21F2677BDCE00F84C30 /* PBXTargetDependency */ = {
			isa = PBXTargetDependency;
			target = 3277D1FB2677BDCA00F84C30 /* kafo */;
			targetProxy = 3277D21E2677BDCE00F84C30 /* PBXContainerItemProxy */;
		};
/* End PBXTargetDependency section */

/* Begin PBXVariantGroup section */
		3277D2052677BDCB00F84C30 /* Main.storyboard */ = {
			isa = PBXVariantGroup;
			children = (
				3277D2062677BDCB00F84C30 /* Base */,
			);
			name = Main.storyboard;
			sourceTree = "<group>";
		};
		3277D20A2677BDCD00F84C30 /* LaunchScreen.storyboard */ = {
			isa = PBXVariantGroup;
			children = (
				3277D20B2677BDCD00F84C30 /* Base */,
			);
			name = LaunchScreen.storyboard;
			sourceTree = "<group>";
		};
		3277D2542677C08F00F84C30 /* LoginView.storyboard */ = {
			isa = PBXVariantGroup;
			children = (
				3277D2552677C08F00F84C30 /* Base */,
			);
			name = LoginView.storyboard;
			sourceTree = "<group>";
		};
/* End PBXVariantGroup section */

/* Begin XCBuildConfiguration section */
		3277D2242677BDCE00F84C30 /* Debug */ = {
			isa = XCBuildConfiguration;
			buildSettings = {
				ALWAYS_SEARCH_USER_PATHS = NO;
				CLANG_ANALYZER_NONNULL = YES;
				CLANG_ANALYZER_NUMBER_OBJECT_CONVERSION = YES_AGGRESSIVE;
				CLANG_CXX_LANGUAGE_STANDARD = "gnu++14";
				CLANG_CXX_LIBRARY = "libc++";
				CLANG_ENABLE_MODULES = YES;
				CLANG_ENABLE_OBJC_ARC = YES;
				CLANG_ENABLE_OBJC_WEAK = YES;
				CLANG_WARN_BLOCK_CAPTURE_AUTORELEASING = YES;
				CLANG_WARN_BOOL_CONVERSION = YES;
				CLANG_WARN_COMMA = YES;
				CLANG_WARN_CONSTANT_CONVERSION = YES;
				CLANG_WARN_DEPRECATED_OBJC_IMPLEMENTATIONS = YES;
				CLANG_WARN_DIRECT_OBJC_ISA_USAGE = YES_ERROR;
				CLANG_WARN_DOCUMENTATION_COMMENTS = YES;
				CLANG_WARN_EMPTY_BODY = YES;
				CLANG_WARN_ENUM_CONVERSION = YES;
				CLANG_WARN_INFINITE_RECURSION = YES;
				CLANG_WARN_INT_CONVERSION = YES;
				CLANG_WARN_NON_LITERAL_NULL_CONVERSION = YES;
				CLANG_WARN_OBJC_IMPLICIT_RETAIN_SELF = YES;
				CLANG_WARN_OBJC_LITERAL_CONVERSION = YES;
				CLANG_WARN_OBJC_ROOT_CLASS = YES_ERROR;
				CLANG_WARN_QUOTED_INCLUDE_IN_FRAMEWORK_HEADER = YES;
				CLANG_WARN_RANGE_LOOP_ANALYSIS = YES;
				CLANG_WARN_STRICT_PROTOTYPES = YES;
				CLANG_WARN_SUSPICIOUS_MOVE = YES;
				CLANG_WARN_UNGUARDED_AVAILABILITY = YES_AGGRESSIVE;
				CLANG_WARN_UNREACHABLE_CODE = YES;
				CLANG_WARN__DUPLICATE_METHOD_MATCH = YES;
				COPY_PHASE_STRIP = NO;
				DEBUG_INFORMATION_FORMAT = dwarf;
				ENABLE_STRICT_OBJC_MSGSEND = YES;
				ENABLE_TESTABILITY = YES;
				GCC_C_LANGUAGE_STANDARD = gnu11;
				GCC_DYNAMIC_NO_PIC = NO;
				GCC_NO_COMMON_BLOCKS = YES;
				GCC_OPTIMIZATION_LEVEL = 0;
				GCC_PREPROCESSOR_DEFINITIONS = (
					"DEBUG=1",
					"$(inherited)",
				);
				GCC_WARN_64_TO_32_BIT_CONVERSION = YES;
				GCC_WARN_ABOUT_RETURN_TYPE = YES_ERROR;
				GCC_WARN_UNDECLARED_SELECTOR = YES;
				GCC_WARN_UNINITIALIZED_AUTOS = YES_AGGRESSIVE;
				GCC_WARN_UNUSED_FUNCTION = YES;
				GCC_WARN_UNUSED_VARIABLE = YES;
				IPHONEOS_DEPLOYMENT_TARGET = 14.4;
				MTL_ENABLE_DEBUG_INFO = INCLUDE_SOURCE;
				MTL_FAST_MATH = YES;
				ONLY_ACTIVE_ARCH = YES;
				SDKROOT = iphoneos;
				SWIFT_ACTIVE_COMPILATION_CONDITIONS = DEBUG;
				SWIFT_OPTIMIZATION_LEVEL = "-Onone";
			};
			name = Debug;
		};
		3277D2252677BDCE00F84C30 /* Release */ = {
			isa = XCBuildConfiguration;
			buildSettings = {
				ALWAYS_SEARCH_USER_PATHS = NO;
				CLANG_ANALYZER_NONNULL = YES;
				CLANG_ANALYZER_NUMBER_OBJECT_CONVERSION = YES_AGGRESSIVE;
				CLANG_CXX_LANGUAGE_STANDARD = "gnu++14";
				CLANG_CXX_LIBRARY = "libc++";
				CLANG_ENABLE_MODULES = YES;
				CLANG_ENABLE_OBJC_ARC = YES;
				CLANG_ENABLE_OBJC_WEAK = YES;
				CLANG_WARN_BLOCK_CAPTURE_AUTORELEASING = YES;
				CLANG_WARN_BOOL_CONVERSION = YES;
				CLANG_WARN_COMMA = YES;
				CLANG_WARN_CONSTANT_CONVERSION = YES;
				CLANG_WARN_DEPRECATED_OBJC_IMPLEMENTATIONS = YES;
				CLANG_WARN_DIRECT_OBJC_ISA_USAGE = YES_ERROR;
				CLANG_WARN_DOCUMENTATION_COMMENTS = YES;
				CLANG_WARN_EMPTY_BODY = YES;
				CLANG_WARN_ENUM_CONVERSION = YES;
				CLANG_WARN_INFINITE_RECURSION = YES;
				CLANG_WARN_INT_CONVERSION = YES;
				CLANG_WARN_NON_LITERAL_NULL_CONVERSION = YES;
				CLANG_WARN_OBJC_IMPLICIT_RETAIN_SELF = YES;
				CLANG_WARN_OBJC_LITERAL_CONVERSION = YES;
				CLANG_WARN_OBJC_ROOT_CLASS = YES_ERROR;
				CLANG_WARN_QUOTED_INCLUDE_IN_FRAMEWORK_HEADER = YES;
				CLANG_WARN_RANGE_LOOP_ANALYSIS = YES;
				CLANG_WARN_STRICT_PROTOTYPES = YES;
				CLANG_WARN_SUSPICIOUS_MOVE = YES;
				CLANG_WARN_UNGUARDED_AVAILABILITY = YES_AGGRESSIVE;
				CLANG_WARN_UNREACHABLE_CODE = YES;
				CLANG_WARN__DUPLICATE_METHOD_MATCH = YES;
				COPY_PHASE_STRIP = NO;
				DEBUG_INFORMATION_FORMAT = "dwarf-with-dsym";
				ENABLE_NS_ASSERTIONS = NO;
				ENABLE_STRICT_OBJC_MSGSEND = YES;
				GCC_C_LANGUAGE_STANDARD = gnu11;
				GCC_NO_COMMON_BLOCKS = YES;
				GCC_WARN_64_TO_32_BIT_CONVERSION = YES;
				GCC_WARN_ABOUT_RETURN_TYPE = YES_ERROR;
				GCC_WARN_UNDECLARED_SELECTOR = YES;
				GCC_WARN_UNINITIALIZED_AUTOS = YES_AGGRESSIVE;
				GCC_WARN_UNUSED_FUNCTION = YES;
				GCC_WARN_UNUSED_VARIABLE = YES;
				IPHONEOS_DEPLOYMENT_TARGET = 14.4;
				MTL_ENABLE_DEBUG_INFO = NO;
				MTL_FAST_MATH = YES;
				SDKROOT = iphoneos;
				SWIFT_COMPILATION_MODE = wholemodule;
				SWIFT_OPTIMIZATION_LEVEL = "-O";
				VALIDATE_PRODUCT = YES;
			};
			name = Release;
		};
		3277D2272677BDCE00F84C30 /* Debug */ = {
			isa = XCBuildConfiguration;
			buildSettings = {
				ASSETCATALOG_COMPILER_APPICON_NAME = AppIcon;
				ASSETCATALOG_COMPILER_GLOBAL_ACCENT_COLOR_NAME = AccentColor;
				CODE_SIGN_STYLE = Automatic;
				DEVELOPMENT_TEAM = FL6L6BVPSN;
				INFOPLIST_FILE = kafo/Info.plist;
				LD_RUNPATH_SEARCH_PATHS = (
					"$(inherited)",
					"@executable_path/Frameworks",
				);
				PRODUCT_BUNDLE_IDENTIFIER = anas.kafo;
				PRODUCT_NAME = "$(TARGET_NAME)";
				SWIFT_VERSION = 5.0;
				TARGETED_DEVICE_FAMILY = "1,2";
			};
			name = Debug;
		};
		3277D2282677BDCE00F84C30 /* Release */ = {
			isa = XCBuildConfiguration;
			buildSettings = {
				ASSETCATALOG_COMPILER_APPICON_NAME = AppIcon;
				ASSETCATALOG_COMPILER_GLOBAL_ACCENT_COLOR_NAME = AccentColor;
				CODE_SIGN_STYLE = Automatic;
				DEVELOPMENT_TEAM = FL6L6BVPSN;
				INFOPLIST_FILE = kafo/Info.plist;
				LD_RUNPATH_SEARCH_PATHS = (
					"$(inherited)",
					"@executable_path/Frameworks",
				);
				PRODUCT_BUNDLE_IDENTIFIER = anas.kafo;
				PRODUCT_NAME = "$(TARGET_NAME)";
				SWIFT_VERSION = 5.0;
				TARGETED_DEVICE_FAMILY = "1,2";
			};
			name = Release;
		};
		3277D22A2677BDCE00F84C30 /* Debug */ = {
			isa = XCBuildConfiguration;
			buildSettings = {
				ALWAYS_EMBED_SWIFT_STANDARD_LIBRARIES = YES;
				BUNDLE_LOADER = "$(TEST_HOST)";
				CODE_SIGN_STYLE = Automatic;
				DEVELOPMENT_TEAM = FL6L6BVPSN;
				INFOPLIST_FILE = kafoTests/Info.plist;
				IPHONEOS_DEPLOYMENT_TARGET = 14.4;
				LD_RUNPATH_SEARCH_PATHS = (
					"$(inherited)",
					"@executable_path/Frameworks",
					"@loader_path/Frameworks",
				);
				PRODUCT_BUNDLE_IDENTIFIER = anas.kafoTests;
				PRODUCT_NAME = "$(TARGET_NAME)";
				SWIFT_VERSION = 5.0;
				TARGETED_DEVICE_FAMILY = "1,2";
				TEST_HOST = "$(BUILT_PRODUCTS_DIR)/kafo.app/kafo";
			};
			name = Debug;
		};
		3277D22B2677BDCE00F84C30 /* Release */ = {
			isa = XCBuildConfiguration;
			buildSettings = {
				ALWAYS_EMBED_SWIFT_STANDARD_LIBRARIES = YES;
				BUNDLE_LOADER = "$(TEST_HOST)";
				CODE_SIGN_STYLE = Automatic;
				DEVELOPMENT_TEAM = FL6L6BVPSN;
				INFOPLIST_FILE = kafoTests/Info.plist;
				IPHONEOS_DEPLOYMENT_TARGET = 14.4;
				LD_RUNPATH_SEARCH_PATHS = (
					"$(inherited)",
					"@executable_path/Frameworks",
					"@loader_path/Frameworks",
				);
				PRODUCT_BUNDLE_IDENTIFIER = anas.kafoTests;
				PRODUCT_NAME = "$(TARGET_NAME)";
				SWIFT_VERSION = 5.0;
				TARGETED_DEVICE_FAMILY = "1,2";
				TEST_HOST = "$(BUILT_PRODUCTS_DIR)/kafo.app/kafo";
			};
			name = Release;
		};
		3277D22D2677BDCE00F84C30 /* Debug */ = {
			isa = XCBuildConfiguration;
			buildSettings = {
				ALWAYS_EMBED_SWIFT_STANDARD_LIBRARIES = YES;
				CODE_SIGN_STYLE = Automatic;
				DEVELOPMENT_TEAM = FL6L6BVPSN;
				INFOPLIST_FILE = kafoUITests/Info.plist;
				LD_RUNPATH_SEARCH_PATHS = (
					"$(inherited)",
					"@executable_path/Frameworks",
					"@loader_path/Frameworks",
				);
				PRODUCT_BUNDLE_IDENTIFIER = anas.kafoUITests;
				PRODUCT_NAME = "$(TARGET_NAME)";
				SWIFT_VERSION = 5.0;
				TARGETED_DEVICE_FAMILY = "1,2";
				TEST_TARGET_NAME = kafo;
			};
			name = Debug;
		};
		3277D22E2677BDCE00F84C30 /* Release */ = {
			isa = XCBuildConfiguration;
			buildSettings = {
				ALWAYS_EMBED_SWIFT_STANDARD_LIBRARIES = YES;
				CODE_SIGN_STYLE = Automatic;
				DEVELOPMENT_TEAM = FL6L6BVPSN;
				INFOPLIST_FILE = kafoUITests/Info.plist;
				LD_RUNPATH_SEARCH_PATHS = (
					"$(inherited)",
					"@executable_path/Frameworks",
					"@loader_path/Frameworks",
				);
				PRODUCT_BUNDLE_IDENTIFIER = anas.kafoUITests;
				PRODUCT_NAME = "$(TARGET_NAME)";
				SWIFT_VERSION = 5.0;
				TARGETED_DEVICE_FAMILY = "1,2";
				TEST_TARGET_NAME = kafo;
			};
			name = Release;
		};
/* End XCBuildConfiguration section */

/* Begin XCConfigurationList section */
		3277D1F72677BDCA00F84C30 /* Build configuration list for PBXProject "kafo" */ = {
			isa = XCConfigurationList;
			buildConfigurations = (
				3277D2242677BDCE00F84C30 /* Debug */,
				3277D2252677BDCE00F84C30 /* Release */,
			);
			defaultConfigurationIsVisible = 0;
			defaultConfigurationName = Release;
		};
		3277D2262677BDCE00F84C30 /* Build configuration list for PBXNativeTarget "kafo" */ = {
			isa = XCConfigurationList;
			buildConfigurations = (
				3277D2272677BDCE00F84C30 /* Debug */,
				3277D2282677BDCE00F84C30 /* Release */,
			);
			defaultConfigurationIsVisible = 0;
			defaultConfigurationName = Release;
		};
		3277D2292677BDCE00F84C30 /* Build configuration list for PBXNativeTarget "kafoTests" */ = {
			isa = XCConfigurationList;
			buildConfigurations = (
				3277D22A2677BDCE00F84C30 /* Debug */,
				3277D22B2677BDCE00F84C30 /* Release */,
			);
			defaultConfigurationIsVisible = 0;
			defaultConfigurationName = Release;
		};
		3277D22C2677BDCE00F84C30 /* Build configuration list for PBXNativeTarget "kafoUITests" */ = {
			isa = XCConfigurationList;
			buildConfigurations = (
				3277D22D2677BDCE00F84C30 /* Debug */,
				3277D22E2677BDCE00F84C30 /* Release */,
			);
			defaultConfigurationIsVisible = 0;
			defaultConfigurationName = Release;
		};
/* End XCConfigurationList section */
	};
	rootObject = 3277D1F42677BDCA00F84C30 /* Project object */;
}
