// !$*UTF8*$!
{
	archiveVersion = 1;
	classes = {
	};
	objectVersion = 51;
	objects = {

/* Begin PBXBuildFile section */
		0B72EBFA3E547C991EFBB924 /* Pods_kafo_kafoUITests.framework in Frameworks */ = {isa = PBXBuildFile; fileRef = A965F922173A0C423BE26C0F /* Pods_kafo_kafoUITests.framework */; };
		323B672C26C72ACD005CA819 /* LocationView.storyboard in Resources */ = {isa = PBXBuildFile; fileRef = 323B672E26C72ACD005CA819 /* LocationView.storyboard */; };
		323B673726C7329D005CA819 /* ListOfGuardsTableViewCell.xib in Resources */ = {isa = PBXBuildFile; fileRef = 323B673926C7329D005CA819 /* ListOfGuardsTableViewCell.xib */; };
		323B673F26C7355F005CA819 /* BodyguardGenderView.storyboard in Resources */ = {isa = PBXBuildFile; fileRef = 323B674126C7355F005CA819 /* BodyguardGenderView.storyboard */; };
		323B674726C7363A005CA819 /* KafoServiceView.storyboard in Resources */ = {isa = PBXBuildFile; fileRef = 323B674926C7363A005CA819 /* KafoServiceView.storyboard */; };
		323B675226C73C20005CA819 /* NumberOfHoursView.storyboard in Resources */ = {isa = PBXBuildFile; fileRef = 323B675426C73C20005CA819 /* NumberOfHoursView.storyboard */; };
		323E09E8275BE3E000B10A44 /* Localization.swift in Sources */ = {isa = PBXBuildFile; fileRef = 323E09E7275BE3E000B10A44 /* Localization.swift */; };
		3251E6DA26C7D81800F1B95B /* FacilitiesSccurityApplicationViewController.swift in Sources */ = {isa = PBXBuildFile; fileRef = 3251E6D926C7D81800F1B95B /* FacilitiesSccurityApplicationViewController.swift */; };
		3251E6DE26C7D9FA00F1B95B /* FacilitiesSccurityApplicationView.storyboard in Resources */ = {isa = PBXBuildFile; fileRef = 3251E6E026C7D9FA00F1B95B /* FacilitiesSccurityApplicationView.storyboard */; };
		3251E6EF26C7EFE800F1B95B /* OtherCompaniesView.storyboard in Resources */ = {isa = PBXBuildFile; fileRef = 3251E6EE26C7EFE800F1B95B /* OtherCompaniesView.storyboard */; };
		3251E6F426C7F06800F1B95B /* OtherCompaniesViewController.swift in Sources */ = {isa = PBXBuildFile; fileRef = 3251E6F326C7F06800F1B95B /* OtherCompaniesViewController.swift */; };
		3251E6FB26C7F0DD00F1B95B /* OtherCompaniesTableViewCell.swift in Sources */ = {isa = PBXBuildFile; fileRef = 3251E6F926C7F0DD00F1B95B /* OtherCompaniesTableViewCell.swift */; };
		3251E6FC26C7F0DD00F1B95B /* OtherCompaniesTableViewCell.xib in Resources */ = {isa = PBXBuildFile; fileRef = 3251E6FA26C7F0DD00F1B95B /* OtherCompaniesTableViewCell.xib */; };
		3251E70926C8156800F1B95B /* LeftSideMenuView.storyboard in Resources */ = {isa = PBXBuildFile; fileRef = 3251E70B26C8156800F1B95B /* LeftSideMenuView.storyboard */; };
		3251E71426C8215800F1B95B /* ProfileView.storyboard in Resources */ = {isa = PBXBuildFile; fileRef = 3251E71626C8215800F1B95B /* ProfileView.storyboard */; };
		326998332680CD9B0074E586 /* PersonalBodyguardTableViewController.swift in Sources */ = {isa = PBXBuildFile; fileRef = 326998322680CD9B0074E586 /* PersonalBodyguardTableViewController.swift */; };
		3269983C2680DA0F0074E586 /* MainViewTableViewCell.swift in Sources */ = {isa = PBXBuildFile; fileRef = 3269983A2680DA0F0074E586 /* MainViewTableViewCell.swift */; };
		3269983D2680DA0F0074E586 /* MainViewTableViewCell.xib in Resources */ = {isa = PBXBuildFile; fileRef = 3269983B2680DA0F0074E586 /* MainViewTableViewCell.xib */; };
		326998422680DE8B0074E586 /* MainCustomerViewController.swift in Sources */ = {isa = PBXBuildFile; fileRef = 326998412680DE8B0074E586 /* MainCustomerViewController.swift */; };
		32699850268112DE0074E586 /* CompanyDetailsView.storyboard in Resources */ = {isa = PBXBuildFile; fileRef = 3269984E268112DE0074E586 /* CompanyDetailsView.storyboard */; };
		32699851268112DE0074E586 /* CompanyDetailsTableViewController.swift in Sources */ = {isa = PBXBuildFile; fileRef = 3269984F268112DE0074E586 /* CompanyDetailsTableViewController.swift */; };
		326A368D267EA6DD00B87D37 /* SignUpTableViewController.swift in Sources */ = {isa = PBXBuildFile; fileRef = 326A368C267EA6DD00B87D37 /* SignUpTableViewController.swift */; };
		326E77EB26E2E993009CAF9A /* FacilitiesSccurityApplicationViewModel.swift in Sources */ = {isa = PBXBuildFile; fileRef = 326E77EA26E2E993009CAF9A /* FacilitiesSccurityApplicationViewModel.swift */; };
		326E77F026E2E9C3009CAF9A /* FacilitiesSccurityApplicationFirebaseManager.swift in Sources */ = {isa = PBXBuildFile; fileRef = 326E77EF26E2E9C3009CAF9A /* FacilitiesSccurityApplicationFirebaseManager.swift */; };
		326E77F526E2EFAC009CAF9A /* FacilitiesSccurityApplicationModel.swift in Sources */ = {isa = PBXBuildFile; fileRef = 326E77F426E2EFAC009CAF9A /* FacilitiesSccurityApplicationModel.swift */; };
		3275A5E526F4DBD400B84601 /* OrdersFirebaseManger.swift in Sources */ = {isa = PBXBuildFile; fileRef = 3275A5E426F4DBD400B84601 /* OrdersFirebaseManger.swift */; };
		3276298826C4974B00F0AC4F /* ServicesView.storyboard in Resources */ = {isa = PBXBuildFile; fileRef = 3276298A26C4974B00F0AC4F /* ServicesView.storyboard */; };
		3276299426C49CF800F0AC4F /* FirstViewController.swift in Sources */ = {isa = PBXBuildFile; fileRef = 3276299326C49CF800F0AC4F /* FirstViewController.swift */; };
		3276299926C49D1100F0AC4F /* SecondViewController.swift in Sources */ = {isa = PBXBuildFile; fileRef = 3276299826C49D1100F0AC4F /* SecondViewController.swift */; };
		327689B5269CA4B700CC61C0 /* KafoServiceViewController.swift in Sources */ = {isa = PBXBuildFile; fileRef = 327689B4269CA4B700CC61C0 /* KafoServiceViewController.swift */; };
		327689CA269CC10100CC61C0 /* BodyGuardGenderViewController.swift in Sources */ = {isa = PBXBuildFile; fileRef = 327689C9269CC10100CC61C0 /* BodyGuardGenderViewController.swift */; };
		327689D7269CCA1D00CC61C0 /* NumberOfHoursViewController.swift in Sources */ = {isa = PBXBuildFile; fileRef = 327689D6269CCA1D00CC61C0 /* NumberOfHoursViewController.swift */; };
		3277461526C089C000B7A9C8 /* LeftSideMenuViewController.swift in Sources */ = {isa = PBXBuildFile; fileRef = 3277461426C089C000B7A9C8 /* LeftSideMenuViewController.swift */; };
		3277D2002677BDCA00F84C30 /* AppDelegate.swift in Sources */ = {isa = PBXBuildFile; fileRef = 3277D1FF2677BDCA00F84C30 /* AppDelegate.swift */; };
		3277D2022677BDCB00F84C30 /* SceneDelegate.swift in Sources */ = {isa = PBXBuildFile; fileRef = 3277D2012677BDCB00F84C30 /* SceneDelegate.swift */; };
		3277D2042677BDCB00F84C30 /* ViewController.swift in Sources */ = {isa = PBXBuildFile; fileRef = 3277D2032677BDCB00F84C30 /* ViewController.swift */; };
		3277D2072677BDCB00F84C30 /* Main.storyboard in Resources */ = {isa = PBXBuildFile; fileRef = 3277D2052677BDCB00F84C30 /* Main.storyboard */; };
		3277D2092677BDCD00F84C30 /* Assets.xcassets in Resources */ = {isa = PBXBuildFile; fileRef = 3277D2082677BDCD00F84C30 /* Assets.xcassets */; };
		3277D20C2677BDCD00F84C30 /* LaunchScreen.storyboard in Resources */ = {isa = PBXBuildFile; fileRef = 3277D20A2677BDCD00F84C30 /* LaunchScreen.storyboard */; };
		3277D2172677BDCE00F84C30 /* kafoTests.swift in Sources */ = {isa = PBXBuildFile; fileRef = 3277D2162677BDCE00F84C30 /* kafoTests.swift */; };
		3277D2222677BDCE00F84C30 /* kafoUITests.swift in Sources */ = {isa = PBXBuildFile; fileRef = 3277D2212677BDCE00F84C30 /* kafoUITests.swift */; };
		3277D2392677BFED00F84C30 /* LoginViewController.swift in Sources */ = {isa = PBXBuildFile; fileRef = 3277D2382677BFED00F84C30 /* LoginViewController.swift */; };
		3277D24D2677C05C00F84C30 /* LoginVIewController + TextFiledDelegate.swift in Sources */ = {isa = PBXBuildFile; fileRef = 3277D24C2677C05C00F84C30 /* LoginVIewController + TextFiledDelegate.swift */; };
		3277D2562677C08F00F84C30 /* LoginView.storyboard in Resources */ = {isa = PBXBuildFile; fileRef = 3277D2542677C08F00F84C30 /* LoginView.storyboard */; };
		3278084B26F7DC340025E399 /* OrdersViewModel.swift in Sources */ = {isa = PBXBuildFile; fileRef = 3278084A26F7DC340025E399 /* OrdersViewModel.swift */; };
		327A636F26C2F6D8003B3EDE /* ProfileTableViewController.swift in Sources */ = {isa = PBXBuildFile; fileRef = 327A636E26C2F6D8003B3EDE /* ProfileTableViewController.swift */; };
		327BE18326DD7D4000F46FCB /* Observable.swift in Sources */ = {isa = PBXBuildFile; fileRef = 327BE18226DD7D3F00F46FCB /* Observable.swift */; };
		327BE18826DD7D8000F46FCB /* SignupViewModel.swift in Sources */ = {isa = PBXBuildFile; fileRef = 327BE18726DD7D8000F46FCB /* SignupViewModel.swift */; };
		327BE18F26DD7E0500F46FCB /* SignupFirebaseManager.swift in Sources */ = {isa = PBXBuildFile; fileRef = 327BE18E26DD7E0500F46FCB /* SignupFirebaseManager.swift */; };
		327BE1C126DD8C7F00F46FCB /* SignupViewController- UITextFieldDelegate .swift in Sources */ = {isa = PBXBuildFile; fileRef = 327BE1C026DD8C7F00F46FCB /* SignupViewController- UITextFieldDelegate .swift */; };
		328320BD26E13A6B0040FD60 /* LoginViewModel.swift in Sources */ = {isa = PBXBuildFile; fileRef = 328320BC26E13A6B0040FD60 /* LoginViewModel.swift */; };
		328320C226E13E3A0040FD60 /* LoginFirebaseManager.swift in Sources */ = {isa = PBXBuildFile; fileRef = 328320C126E13E3A0040FD60 /* LoginFirebaseManager.swift */; };
		328320C926E159400040FD60 /* ListOfBodyGuardsFirabaseManager.swift in Sources */ = {isa = PBXBuildFile; fileRef = 328320C826E159400040FD60 /* ListOfBodyGuardsFirabaseManager.swift */; };
		328320D126E15B550040FD60 /* ListOfBodyGuardsViewModel.swift in Sources */ = {isa = PBXBuildFile; fileRef = 328320D026E15B550040FD60 /* ListOfBodyGuardsViewModel.swift */; };
		328320D926E175890040FD60 /* BodyGuardProfileViewControll.swift in Sources */ = {isa = PBXBuildFile; fileRef = 328320D826E175890040FD60 /* BodyGuardProfileViewControll.swift */; };
		328320E926E1A29B0040FD60 /* BodyGaurdNumberOfHoursViewController.swift in Sources */ = {isa = PBXBuildFile; fileRef = 328320E826E1A29B0040FD60 /* BodyGaurdNumberOfHoursViewController.swift */; };
		328320EE26E1ADAE0040FD60 /* Order.swift in Sources */ = {isa = PBXBuildFile; fileRef = 328320ED26E1ADAE0040FD60 /* Order.swift */; };
		32857967274C3518007B2B9B /* TermsAndConditionsViewController.swift in Sources */ = {isa = PBXBuildFile; fileRef = 32857966274C3518007B2B9B /* TermsAndConditionsViewController.swift */; };
		328A56522699EA5200BFD9C2 /* ServicesTableViewController.swift in Sources */ = {isa = PBXBuildFile; fileRef = 328A56512699EA5200BFD9C2 /* ServicesTableViewController.swift */; };
		328A56672699F73F00BFD9C2 /* LocationViewController.swift in Sources */ = {isa = PBXBuildFile; fileRef = 328A56662699F73F00BFD9C2 /* LocationViewController.swift */; };
		328CEA6126D7D7EE00F2C1BA /* GoogleService-Info.plist in Resources */ = {isa = PBXBuildFile; fileRef = 328CEA6026D7D7ED00F2C1BA /* GoogleService-Info.plist */; };
		328CEA6826D7E3E900F2C1BA /* User.swift in Sources */ = {isa = PBXBuildFile; fileRef = 328CEA6726D7E3E900F2C1BA /* User.swift */; };
		329B6095267FD87D008AB2DE /* Checkbox.swift in Sources */ = {isa = PBXBuildFile; fileRef = 329B6094267FD87D008AB2DE /* Checkbox.swift */; };
		329B60A0267FE9C4008AB2DE /* MainCustomerView.storyboard in Resources */ = {isa = PBXBuildFile; fileRef = 329B609F267FE9C4008AB2DE /* MainCustomerView.storyboard */; };
		329B60AC267FED7D008AB2DE /* PersonalBodyguardView.storyboard in Resources */ = {isa = PBXBuildFile; fileRef = 329B60AB267FED7D008AB2DE /* PersonalBodyguardView.storyboard */; };
		329DE4082794B309006CFDC7 /* ContacWithUsViewController.swift in Sources */ = {isa = PBXBuildFile; fileRef = 329DE4072794B309006CFDC7 /* ContacWithUsViewController.swift */; };
		32ADEFBB26E2787A00D11201 /* KafoServiceFIrebaseManager.swift in Sources */ = {isa = PBXBuildFile; fileRef = 32ADEFBA26E2787A00D11201 /* KafoServiceFIrebaseManager.swift */; };
		32ADEFC026E27B2E00D11201 /* KafoBodyGuardOrder.swift in Sources */ = {isa = PBXBuildFile; fileRef = 32ADEFBF26E27B2E00D11201 /* KafoBodyGuardOrder.swift */; };
		32ADEFC526E27C2800D11201 /* KafoServiceViewModel.swift in Sources */ = {isa = PBXBuildFile; fileRef = 32ADEFC426E27C2800D11201 /* KafoServiceViewModel.swift */; };
		32B25E59267C184500ED2082 /* CustomerOrWorkerViewController.swift in Sources */ = {isa = PBXBuildFile; fileRef = 32B25E58267C184500ED2082 /* CustomerOrWorkerViewController.swift */; };
		32C09F9026E9045200F63112 /* MyOrderView.storyboard in Resources */ = {isa = PBXBuildFile; fileRef = 32C09F8F26E9045200F63112 /* MyOrderView.storyboard */; };
		32C09F9626E9073400F63112 /* MyOrderTableViewController.swift in Sources */ = {isa = PBXBuildFile; fileRef = 32C09F9526E9073400F63112 /* MyOrderTableViewController.swift */; };
		32DDC4F2269C78F200969823 /* ListOfBodyGuards.storyboard in Resources */ = {isa = PBXBuildFile; fileRef = 32DDC4F1269C78F200969823 /* ListOfBodyGuards.storyboard */; };
		32DDC4F9269C79BB00969823 /* ListOfGuardsTableViewCell.swift in Sources */ = {isa = PBXBuildFile; fileRef = 32DDC4F7269C79BB00969823 /* ListOfGuardsTableViewCell.swift */; };
		32DDC4FF269C7CDE00969823 /* ListOfBodyGuardsViewController.swift in Sources */ = {isa = PBXBuildFile; fileRef = 32DDC4FE269C7CDE00969823 /* ListOfBodyGuardsViewController.swift */; };
		32E36C3B26F394BA007BD7D1 /* OrderTableViewCell.swift in Sources */ = {isa = PBXBuildFile; fileRef = 32E36C3926F394BA007BD7D1 /* OrderTableViewCell.swift */; };
		32E36C3C26F394BA007BD7D1 /* OrderTableViewCell.xib in Resources */ = {isa = PBXBuildFile; fileRef = 32E36C3A26F394BA007BD7D1 /* OrderTableViewCell.xib */; };
		32F5E12626C5924400C097DF /* SignUpView.storyboard in Resources */ = {isa = PBXBuildFile; fileRef = 32F5E12826C5924400C097DF /* SignUpView.storyboard */; };
		32F5E13226C59DC100C097DF /* Gridiant.swift in Sources */ = {isa = PBXBuildFile; fileRef = 32F5E13126C59DC100C097DF /* Gridiant.swift */; };
		3CB276E24993B449C8A5ED60 /* Pods_kafoTests.framework in Frameworks */ = {isa = PBXBuildFile; fileRef = E852DB847189408DE9F18D44 /* Pods_kafoTests.framework */; };
		7BD75D4CE0F366396D624A8E /* Pods_kafo.framework in Frameworks */ = {isa = PBXBuildFile; fileRef = 10CBAC4709A94C2A221702BC /* Pods_kafo.framework */; };
/* End PBXBuildFile section */

/* Begin PBXContainerItemProxy section */
		3277D2132677BDCE00F84C30 /* PBXContainerItemProxy */ = {
			isa = PBXContainerItemProxy;
			containerPortal = 3277D1F42677BDCA00F84C30 /* Project object */;
			proxyType = 1;
			remoteGlobalIDString = 3277D1FB2677BDCA00F84C30;
			remoteInfo = kafo;
		};
		3277D21E2677BDCE00F84C30 /* PBXContainerItemProxy */ = {
			isa = PBXContainerItemProxy;
			containerPortal = 3277D1F42677BDCA00F84C30 /* Project object */;
			proxyType = 1;
			remoteGlobalIDString = 3277D1FB2677BDCA00F84C30;
			remoteInfo = kafo;
		};
/* End PBXContainerItemProxy section */

/* Begin PBXFileReference section */
		10CBAC4709A94C2A221702BC /* Pods_kafo.framework */ = {isa = PBXFileReference; explicitFileType = wrapper.framework; includeInIndex = 0; path = Pods_kafo.framework; sourceTree = BUILT_PRODUCTS_DIR; };
		321958D52792CB9F00ABD847 /* ar */ = {isa = PBXFileReference; lastKnownFileType = text.plist.strings; name = ar; path = ar.lproj/LoginView.strings; sourceTree = "<group>"; };
		321958D92792CD3100ABD847 /* ar */ = {isa = PBXFileReference; lastKnownFileType = file.storyboard; name = ar; path = ar.lproj/Main.storyboard; sourceTree = "<group>"; };
		321958DB2792CD3F00ABD847 /* en */ = {isa = PBXFileReference; lastKnownFileType = text.plist.strings; name = en; path = en.lproj/Main.strings; sourceTree = "<group>"; };
		321958DF2792F90100ABD847 /* ar */ = {isa = PBXFileReference; lastKnownFileType = text.plist.strings; name = ar; path = ar.lproj/SignUpView.strings; sourceTree = "<group>"; };
		323B672D26C72ACD005CA819 /* Base */ = {isa = PBXFileReference; lastKnownFileType = file.storyboard; name = Base; path = Base.lproj/LocationView.storyboard; sourceTree = "<group>"; };
		323B673826C7329D005CA819 /* Base */ = {isa = PBXFileReference; lastKnownFileType = file.xib; name = Base; path = Base.lproj/ListOfGuardsTableViewCell.xib; sourceTree = "<group>"; };
		323B673B26C732A3005CA819 /* ar */ = {isa = PBXFileReference; lastKnownFileType = text.plist.strings; name = ar; path = ar.lproj/ListOfGuardsTableViewCell.strings; sourceTree = "<group>"; };
		323B674026C7355F005CA819 /* Base */ = {isa = PBXFileReference; lastKnownFileType = file.storyboard; name = Base; path = Base.lproj/BodyguardGenderView.storyboard; sourceTree = "<group>"; };
		323B674626C73564005CA819 /* ar */ = {isa = PBXFileReference; lastKnownFileType = text.plist.strings; name = ar; path = ar.lproj/BodyguardGenderView.strings; sourceTree = "<group>"; };
		323B674826C7363A005CA819 /* Base */ = {isa = PBXFileReference; lastKnownFileType = file.storyboard; name = Base; path = Base.lproj/KafoServiceView.storyboard; sourceTree = "<group>"; };
		323B675326C73C20005CA819 /* Base */ = {isa = PBXFileReference; lastKnownFileType = file.storyboard; name = Base; path = Base.lproj/NumberOfHoursView.storyboard; sourceTree = "<group>"; };
		323B675626C73C28005CA819 /* ar */ = {isa = PBXFileReference; lastKnownFileType = text.plist.strings; name = ar; path = ar.lproj/NumberOfHoursView.strings; sourceTree = "<group>"; };
		323E09E7275BE3E000B10A44 /* Localization.swift */ = {isa = PBXFileReference; lastKnownFileType = sourcecode.swift; path = Localization.swift; sourceTree = "<group>"; };
		3251E6D926C7D81800F1B95B /* FacilitiesSccurityApplicationViewController.swift */ = {isa = PBXFileReference; lastKnownFileType = sourcecode.swift; path = FacilitiesSccurityApplicationViewController.swift; sourceTree = "<group>"; };
		3251E6DF26C7D9FA00F1B95B /* Base */ = {isa = PBXFileReference; lastKnownFileType = file.storyboard; name = Base; path = Base.lproj/FacilitiesSccurityApplicationView.storyboard; sourceTree = "<group>"; };
		3251E6EE26C7EFE800F1B95B /* OtherCompaniesView.storyboard */ = {isa = PBXFileReference; lastKnownFileType = file.storyboard; path = OtherCompaniesView.storyboard; sourceTree = "<group>"; };
		3251E6F326C7F06800F1B95B /* OtherCompaniesViewController.swift */ = {isa = PBXFileReference; lastKnownFileType = sourcecode.swift; path = OtherCompaniesViewController.swift; sourceTree = "<group>"; };
		3251E6F926C7F0DD00F1B95B /* OtherCompaniesTableViewCell.swift */ = {isa = PBXFileReference; lastKnownFileType = sourcecode.swift; path = OtherCompaniesTableViewCell.swift; sourceTree = "<group>"; };
		3251E6FA26C7F0DD00F1B95B /* OtherCompaniesTableViewCell.xib */ = {isa = PBXFileReference; lastKnownFileType = file.xib; path = OtherCompaniesTableViewCell.xib; sourceTree = "<group>"; };
		3251E70A26C8156800F1B95B /* Base */ = {isa = PBXFileReference; lastKnownFileType = file.storyboard; name = Base; path = Base.lproj/LeftSideMenuView.storyboard; sourceTree = "<group>"; };
		3251E71026C8157100F1B95B /* ar */ = {isa = PBXFileReference; lastKnownFileType = text.plist.strings; name = ar; path = ar.lproj/LeftSideMenuView.strings; sourceTree = "<group>"; };
		3251E71526C8215800F1B95B /* Base */ = {isa = PBXFileReference; lastKnownFileType = file.storyboard; name = Base; path = Base.lproj/ProfileView.storyboard; sourceTree = "<group>"; };
		3251E71B26C8215D00F1B95B /* ar */ = {isa = PBXFileReference; lastKnownFileType = text.plist.strings; name = ar; path = ar.lproj/ProfileView.strings; sourceTree = "<group>"; };
		326998322680CD9B0074E586 /* PersonalBodyguardTableViewController.swift */ = {isa = PBXFileReference; lastKnownFileType = sourcecode.swift; path = PersonalBodyguardTableViewController.swift; sourceTree = "<group>"; };
		3269983A2680DA0F0074E586 /* MainViewTableViewCell.swift */ = {isa = PBXFileReference; lastKnownFileType = sourcecode.swift; path = MainViewTableViewCell.swift; sourceTree = "<group>"; };
		3269983B2680DA0F0074E586 /* MainViewTableViewCell.xib */ = {isa = PBXFileReference; lastKnownFileType = file.xib; path = MainViewTableViewCell.xib; sourceTree = "<group>"; };
		326998412680DE8B0074E586 /* MainCustomerViewController.swift */ = {isa = PBXFileReference; lastKnownFileType = sourcecode.swift; path = MainCustomerViewController.swift; sourceTree = "<group>"; };
		3269984E268112DE0074E586 /* CompanyDetailsView.storyboard */ = {isa = PBXFileReference; fileEncoding = 4; lastKnownFileType = file.storyboard; path = CompanyDetailsView.storyboard; sourceTree = "<group>"; };
		3269984F268112DE0074E586 /* CompanyDetailsTableViewController.swift */ = {isa = PBXFileReference; fileEncoding = 4; lastKnownFileType = sourcecode.swift; path = CompanyDetailsTableViewController.swift; sourceTree = "<group>"; };
		326A368C267EA6DD00B87D37 /* SignUpTableViewController.swift */ = {isa = PBXFileReference; lastKnownFileType = sourcecode.swift; path = SignUpTableViewController.swift; sourceTree = "<group>"; };
		326E77EA26E2E993009CAF9A /* FacilitiesSccurityApplicationViewModel.swift */ = {isa = PBXFileReference; lastKnownFileType = sourcecode.swift; path = FacilitiesSccurityApplicationViewModel.swift; sourceTree = "<group>"; };
		326E77EF26E2E9C3009CAF9A /* FacilitiesSccurityApplicationFirebaseManager.swift */ = {isa = PBXFileReference; lastKnownFileType = sourcecode.swift; path = FacilitiesSccurityApplicationFirebaseManager.swift; sourceTree = "<group>"; };
		326E77F426E2EFAC009CAF9A /* FacilitiesSccurityApplicationModel.swift */ = {isa = PBXFileReference; lastKnownFileType = sourcecode.swift; path = FacilitiesSccurityApplicationModel.swift; sourceTree = "<group>"; };
		327594BF279F5D8E0021085B /* ar */ = {isa = PBXFileReference; lastKnownFileType = text.plist.strings; name = ar; path = ar.lproj/LocationView.strings; sourceTree = "<group>"; };
		3275A5E426F4DBD400B84601 /* OrdersFirebaseManger.swift */ = {isa = PBXFileReference; lastKnownFileType = sourcecode.swift; path = OrdersFirebaseManger.swift; sourceTree = "<group>"; };
		3276298926C4974B00F0AC4F /* Base */ = {isa = PBXFileReference; lastKnownFileType = file.storyboard; name = Base; path = Base.lproj/ServicesView.storyboard; sourceTree = "<group>"; };
		3276298F26C4975400F0AC4F /* ar */ = {isa = PBXFileReference; lastKnownFileType = text.plist.strings; name = ar; path = ar.lproj/ServicesView.strings; sourceTree = "<group>"; };
		3276299326C49CF800F0AC4F /* FirstViewController.swift */ = {isa = PBXFileReference; lastKnownFileType = sourcecode.swift; path = FirstViewController.swift; sourceTree = "<group>"; };
		3276299826C49D1100F0AC4F /* SecondViewController.swift */ = {isa = PBXFileReference; lastKnownFileType = sourcecode.swift; path = SecondViewController.swift; sourceTree = "<group>"; };
		327689B4269CA4B700CC61C0 /* KafoServiceViewController.swift */ = {isa = PBXFileReference; lastKnownFileType = sourcecode.swift; path = KafoServiceViewController.swift; sourceTree = "<group>"; };
		327689C9269CC10100CC61C0 /* BodyGuardGenderViewController.swift */ = {isa = PBXFileReference; lastKnownFileType = sourcecode.swift; path = BodyGuardGenderViewController.swift; sourceTree = "<group>"; };
		327689D6269CCA1D00CC61C0 /* NumberOfHoursViewController.swift */ = {isa = PBXFileReference; lastKnownFileType = sourcecode.swift; path = NumberOfHoursViewController.swift; sourceTree = "<group>"; };
		3277460126C0642900B7A9C8 /* ar */ = {isa = PBXFileReference; lastKnownFileType = text.plist.strings; name = ar; path = ar.lproj/LaunchScreen.strings; sourceTree = "<group>"; };
		3277461426C089C000B7A9C8 /* LeftSideMenuViewController.swift */ = {isa = PBXFileReference; lastKnownFileType = sourcecode.swift; path = LeftSideMenuViewController.swift; sourceTree = "<group>"; };
		3277D1FC2677BDCA00F84C30 /* kafo.app */ = {isa = PBXFileReference; explicitFileType = wrapper.application; includeInIndex = 0; path = kafo.app; sourceTree = BUILT_PRODUCTS_DIR; };
		3277D1FF2677BDCA00F84C30 /* AppDelegate.swift */ = {isa = PBXFileReference; lastKnownFileType = sourcecode.swift; path = AppDelegate.swift; sourceTree = "<group>"; };
		3277D2012677BDCB00F84C30 /* SceneDelegate.swift */ = {isa = PBXFileReference; lastKnownFileType = sourcecode.swift; path = SceneDelegate.swift; sourceTree = "<group>"; };
		3277D2032677BDCB00F84C30 /* ViewController.swift */ = {isa = PBXFileReference; lastKnownFileType = sourcecode.swift; path = ViewController.swift; sourceTree = "<group>"; };
		3277D2082677BDCD00F84C30 /* Assets.xcassets */ = {isa = PBXFileReference; lastKnownFileType = folder.assetcatalog; path = Assets.xcassets; sourceTree = "<group>"; };
		3277D20B2677BDCD00F84C30 /* Base */ = {isa = PBXFileReference; lastKnownFileType = file.storyboard; name = Base; path = Base.lproj/LaunchScreen.storyboard; sourceTree = "<group>"; };
		3277D20D2677BDCD00F84C30 /* Info.plist */ = {isa = PBXFileReference; lastKnownFileType = text.plist.xml; path = Info.plist; sourceTree = "<group>"; };
		3277D2122677BDCE00F84C30 /* kafoTests.xctest */ = {isa = PBXFileReference; explicitFileType = wrapper.cfbundle; includeInIndex = 0; path = kafoTests.xctest; sourceTree = BUILT_PRODUCTS_DIR; };
		3277D2162677BDCE00F84C30 /* kafoTests.swift */ = {isa = PBXFileReference; lastKnownFileType = sourcecode.swift; path = kafoTests.swift; sourceTree = "<group>"; };
		3277D2182677BDCE00F84C30 /* Info.plist */ = {isa = PBXFileReference; lastKnownFileType = text.plist.xml; path = Info.plist; sourceTree = "<group>"; };
		3277D21D2677BDCE00F84C30 /* kafoUITests.xctest */ = {isa = PBXFileReference; explicitFileType = wrapper.cfbundle; includeInIndex = 0; path = kafoUITests.xctest; sourceTree = BUILT_PRODUCTS_DIR; };
		3277D2212677BDCE00F84C30 /* kafoUITests.swift */ = {isa = PBXFileReference; lastKnownFileType = sourcecode.swift; path = kafoUITests.swift; sourceTree = "<group>"; };
		3277D2232677BDCE00F84C30 /* Info.plist */ = {isa = PBXFileReference; lastKnownFileType = text.plist.xml; path = Info.plist; sourceTree = "<group>"; };
		3277D2382677BFED00F84C30 /* LoginViewController.swift */ = {isa = PBXFileReference; fileEncoding = 4; lastKnownFileType = sourcecode.swift; path = LoginViewController.swift; sourceTree = "<group>"; };
		3277D24C2677C05C00F84C30 /* LoginVIewController + TextFiledDelegate.swift */ = {isa = PBXFileReference; fileEncoding = 4; lastKnownFileType = sourcecode.swift; path = "LoginVIewController + TextFiledDelegate.swift"; sourceTree = "<group>"; };
		3277D2552677C08F00F84C30 /* Base */ = {isa = PBXFileReference; lastKnownFileType = file.storyboard; name = Base; path = Base.lproj/LoginView.storyboard; sourceTree = "<group>"; };
		3278084A26F7DC340025E399 /* OrdersViewModel.swift */ = {isa = PBXFileReference; lastKnownFileType = sourcecode.swift; path = OrdersViewModel.swift; sourceTree = "<group>"; };
		327A636E26C2F6D8003B3EDE /* ProfileTableViewController.swift */ = {isa = PBXFileReference; lastKnownFileType = sourcecode.swift; path = ProfileTableViewController.swift; sourceTree = "<group>"; };
		327BE18226DD7D3F00F46FCB /* Observable.swift */ = {isa = PBXFileReference; lastKnownFileType = sourcecode.swift; path = Observable.swift; sourceTree = "<group>"; };
		327BE18726DD7D8000F46FCB /* SignupViewModel.swift */ = {isa = PBXFileReference; lastKnownFileType = sourcecode.swift; path = SignupViewModel.swift; sourceTree = "<group>"; };
		327BE18E26DD7E0500F46FCB /* SignupFirebaseManager.swift */ = {isa = PBXFileReference; lastKnownFileType = sourcecode.swift; path = SignupFirebaseManager.swift; sourceTree = "<group>"; };
		327BE1C026DD8C7F00F46FCB /* SignupViewController- UITextFieldDelegate .swift */ = {isa = PBXFileReference; lastKnownFileType = sourcecode.swift; path = "SignupViewController- UITextFieldDelegate .swift"; sourceTree = "<group>"; };
		328320BC26E13A6B0040FD60 /* LoginViewModel.swift */ = {isa = PBXFileReference; lastKnownFileType = sourcecode.swift; path = LoginViewModel.swift; sourceTree = "<group>"; };
		328320C126E13E3A0040FD60 /* LoginFirebaseManager.swift */ = {isa = PBXFileReference; lastKnownFileType = sourcecode.swift; path = LoginFirebaseManager.swift; sourceTree = "<group>"; };
		328320C826E159400040FD60 /* ListOfBodyGuardsFirabaseManager.swift */ = {isa = PBXFileReference; lastKnownFileType = sourcecode.swift; path = ListOfBodyGuardsFirabaseManager.swift; sourceTree = "<group>"; };
		328320D026E15B550040FD60 /* ListOfBodyGuardsViewModel.swift */ = {isa = PBXFileReference; lastKnownFileType = sourcecode.swift; path = ListOfBodyGuardsViewModel.swift; sourceTree = "<group>"; };
		328320D826E175890040FD60 /* BodyGuardProfileViewControll.swift */ = {isa = PBXFileReference; lastKnownFileType = sourcecode.swift; path = BodyGuardProfileViewControll.swift; sourceTree = "<group>"; };
		328320E826E1A29B0040FD60 /* BodyGaurdNumberOfHoursViewController.swift */ = {isa = PBXFileReference; lastKnownFileType = sourcecode.swift; path = BodyGaurdNumberOfHoursViewController.swift; sourceTree = "<group>"; };
		328320ED26E1ADAE0040FD60 /* Order.swift */ = {isa = PBXFileReference; lastKnownFileType = sourcecode.swift; path = Order.swift; sourceTree = "<group>"; };
		32857966274C3518007B2B9B /* TermsAndConditionsViewController.swift */ = {isa = PBXFileReference; lastKnownFileType = sourcecode.swift; path = TermsAndConditionsViewController.swift; sourceTree = "<group>"; };
		328A56512699EA5200BFD9C2 /* ServicesTableViewController.swift */ = {isa = PBXFileReference; lastKnownFileType = sourcecode.swift; path = ServicesTableViewController.swift; sourceTree = "<group>"; };
		328A56662699F73F00BFD9C2 /* LocationViewController.swift */ = {isa = PBXFileReference; lastKnownFileType = sourcecode.swift; path = LocationViewController.swift; sourceTree = "<group>"; };
		328CEA6026D7D7ED00F2C1BA /* GoogleService-Info.plist */ = {isa = PBXFileReference; fileEncoding = 4; lastKnownFileType = text.plist.xml; path = "GoogleService-Info.plist"; sourceTree = "<group>"; };
		328CEA6726D7E3E900F2C1BA /* User.swift */ = {isa = PBXFileReference; lastKnownFileType = sourcecode.swift; path = User.swift; sourceTree = "<group>"; };
		329B6094267FD87D008AB2DE /* Checkbox.swift */ = {isa = PBXFileReference; fileEncoding = 4; lastKnownFileType = sourcecode.swift; path = Checkbox.swift; sourceTree = "<group>"; };
		329B609F267FE9C4008AB2DE /* MainCustomerView.storyboard */ = {isa = PBXFileReference; lastKnownFileType = file.storyboard; path = MainCustomerView.storyboard; sourceTree = "<group>"; };
		329B60AB267FED7D008AB2DE /* PersonalBodyguardView.storyboard */ = {isa = PBXFileReference; lastKnownFileType = file.storyboard; path = PersonalBodyguardView.storyboard; sourceTree = "<group>"; };
		329DE4072794B309006CFDC7 /* ContacWithUsViewController.swift */ = {isa = PBXFileReference; lastKnownFileType = sourcecode.swift; path = ContacWithUsViewController.swift; sourceTree = "<group>"; };
		329DE40C2794BBF7006CFDC7 /* ar */ = {isa = PBXFileReference; lastKnownFileType = text.plist.strings; name = ar; path = ar.lproj/FacilitiesSccurityApplicationView.strings; sourceTree = "<group>"; };
		32AD0975279DF72B0044EAC2 /* DropDown.framework */ = {isa = PBXFileReference; explicitFileType = wrapper.framework; path = DropDown.framework; sourceTree = BUILT_PRODUCTS_DIR; };
		32ADEFBA26E2787A00D11201 /* KafoServiceFIrebaseManager.swift */ = {isa = PBXFileReference; lastKnownFileType = sourcecode.swift; path = KafoServiceFIrebaseManager.swift; sourceTree = "<group>"; };
		32ADEFBF26E27B2E00D11201 /* KafoBodyGuardOrder.swift */ = {isa = PBXFileReference; lastKnownFileType = sourcecode.swift; path = KafoBodyGuardOrder.swift; sourceTree = "<group>"; };
		32ADEFC426E27C2800D11201 /* KafoServiceViewModel.swift */ = {isa = PBXFileReference; lastKnownFileType = sourcecode.swift; path = KafoServiceViewModel.swift; sourceTree = "<group>"; };
		32B25E58267C184500ED2082 /* CustomerOrWorkerViewController.swift */ = {isa = PBXFileReference; lastKnownFileType = sourcecode.swift; path = CustomerOrWorkerViewController.swift; sourceTree = "<group>"; };
		32C09F8F26E9045200F63112 /* MyOrderView.storyboard */ = {isa = PBXFileReference; lastKnownFileType = file.storyboard; path = MyOrderView.storyboard; sourceTree = "<group>"; };
		32C09F9526E9073400F63112 /* MyOrderTableViewController.swift */ = {isa = PBXFileReference; lastKnownFileType = sourcecode.swift; path = MyOrderTableViewController.swift; sourceTree = "<group>"; };
		32DDC4F1269C78F200969823 /* ListOfBodyGuards.storyboard */ = {isa = PBXFileReference; lastKnownFileType = file.storyboard; path = ListOfBodyGuards.storyboard; sourceTree = "<group>"; };
		32DDC4F7269C79BB00969823 /* ListOfGuardsTableViewCell.swift */ = {isa = PBXFileReference; lastKnownFileType = sourcecode.swift; path = ListOfGuardsTableViewCell.swift; sourceTree = "<group>"; };
		32DDC4FE269C7CDE00969823 /* ListOfBodyGuardsViewController.swift */ = {isa = PBXFileReference; lastKnownFileType = sourcecode.swift; path = ListOfBodyGuardsViewController.swift; sourceTree = "<group>"; };
		32E36C3926F394BA007BD7D1 /* OrderTableViewCell.swift */ = {isa = PBXFileReference; lastKnownFileType = sourcecode.swift; path = OrderTableViewCell.swift; sourceTree = "<group>"; };
		32E36C3A26F394BA007BD7D1 /* OrderTableViewCell.xib */ = {isa = PBXFileReference; lastKnownFileType = file.xib; path = OrderTableViewCell.xib; sourceTree = "<group>"; };
		32F5E12726C5924400C097DF /* Base */ = {isa = PBXFileReference; lastKnownFileType = file.storyboard; name = Base; path = Base.lproj/SignUpView.storyboard; sourceTree = "<group>"; };
		32F5E13126C59DC100C097DF /* Gridiant.swift */ = {isa = PBXFileReference; lastKnownFileType = sourcecode.swift; path = Gridiant.swift; sourceTree = "<group>"; };
		46F0118B6043FB520B1263E9 /* Pods-kafo.debug.xcconfig */ = {isa = PBXFileReference; includeInIndex = 1; lastKnownFileType = text.xcconfig; name = "Pods-kafo.debug.xcconfig"; path = "Target Support Files/Pods-kafo/Pods-kafo.debug.xcconfig"; sourceTree = "<group>"; };
		5C8DDD3CD63E84AA43B16114 /* Pods-kafoTests.debug.xcconfig */ = {isa = PBXFileReference; includeInIndex = 1; lastKnownFileType = text.xcconfig; name = "Pods-kafoTests.debug.xcconfig"; path = "Target Support Files/Pods-kafoTests/Pods-kafoTests.debug.xcconfig"; sourceTree = "<group>"; };
		66DF3D11DF0DA6660F42825A /* Pods-kafo.release.xcconfig */ = {isa = PBXFileReference; includeInIndex = 1; lastKnownFileType = text.xcconfig; name = "Pods-kafo.release.xcconfig"; path = "Target Support Files/Pods-kafo/Pods-kafo.release.xcconfig"; sourceTree = "<group>"; };
		95C1D6BCCC8F08224335244C /* Pods-kafo-kafoUITests.release.xcconfig */ = {isa = PBXFileReference; includeInIndex = 1; lastKnownFileType = text.xcconfig; name = "Pods-kafo-kafoUITests.release.xcconfig"; path = "Target Support Files/Pods-kafo-kafoUITests/Pods-kafo-kafoUITests.release.xcconfig"; sourceTree = "<group>"; };
		A965F922173A0C423BE26C0F /* Pods_kafo_kafoUITests.framework */ = {isa = PBXFileReference; explicitFileType = wrapper.framework; includeInIndex = 0; path = Pods_kafo_kafoUITests.framework; sourceTree = BUILT_PRODUCTS_DIR; };
		E12F105B309F201C6749E92E /* Pods-kafoTests.release.xcconfig */ = {isa = PBXFileReference; includeInIndex = 1; lastKnownFileType = text.xcconfig; name = "Pods-kafoTests.release.xcconfig"; path = "Target Support Files/Pods-kafoTests/Pods-kafoTests.release.xcconfig"; sourceTree = "<group>"; };
		E5A951C69020BBDE04AA4848 /* Pods-kafo-kafoUITests.debug.xcconfig */ = {isa = PBXFileReference; includeInIndex = 1; lastKnownFileType = text.xcconfig; name = "Pods-kafo-kafoUITests.debug.xcconfig"; path = "Target Support Files/Pods-kafo-kafoUITests/Pods-kafo-kafoUITests.debug.xcconfig"; sourceTree = "<group>"; };
		E852DB847189408DE9F18D44 /* Pods_kafoTests.framework */ = {isa = PBXFileReference; explicitFileType = wrapper.framework; includeInIndex = 0; path = Pods_kafoTests.framework; sourceTree = BUILT_PRODUCTS_DIR; };
/* End PBXFileReference section */

/* Begin PBXFrameworksBuildPhase section */
		3277D1F92677BDCA00F84C30 /* Frameworks */ = {
			isa = PBXFrameworksBuildPhase;
			buildActionMask = 2147483647;
			files = (
				7BD75D4CE0F366396D624A8E /* Pods_kafo.framework in Frameworks */,
			);
			runOnlyForDeploymentPostprocessing = 0;
		};
		3277D20F2677BDCE00F84C30 /* Frameworks */ = {
			isa = PBXFrameworksBuildPhase;
			buildActionMask = 2147483647;
			files = (
				3CB276E24993B449C8A5ED60 /* Pods_kafoTests.framework in Frameworks */,
			);
			runOnlyForDeploymentPostprocessing = 0;
		};
		3277D21A2677BDCE00F84C30 /* Frameworks */ = {
			isa = PBXFrameworksBuildPhase;
			buildActionMask = 2147483647;
			files = (
				0B72EBFA3E547C991EFBB924 /* Pods_kafo_kafoUITests.framework in Frameworks */,
			);
			runOnlyForDeploymentPostprocessing = 0;
		};
/* End PBXFrameworksBuildPhase section */

/* Begin PBXGroup section */
		323B675A26C75473005CA819 /* FacilitiesSecurityApplcation */ = {
			isa = PBXGroup;
			children = (
				326E77E926E2E96F009CAF9A /* FirebaseManager */,
				326E77E826E2E964009CAF9A /* ViewModel */,
				323B675B26C754BE005CA819 /* View */,
			);
			path = FacilitiesSecurityApplcation;
			sourceTree = "<group>";
		};
		323B675B26C754BE005CA819 /* View */ = {
			isa = PBXGroup;
			children = (
				3251E6E026C7D9FA00F1B95B /* FacilitiesSccurityApplicationView.storyboard */,
				3251E6D926C7D81800F1B95B /* FacilitiesSccurityApplicationViewController.swift */,
			);
			path = View;
			sourceTree = "<group>";
		};
		3251E6EC26C7EFBD00F1B95B /* OtherCompanies */ = {
			isa = PBXGroup;
			children = (
				3251E6ED26C7EFCB00F1B95B /* View */,
			);
			path = OtherCompanies;
			sourceTree = "<group>";
		};
		3251E6ED26C7EFCB00F1B95B /* View */ = {
			isa = PBXGroup;
			children = (
				3251E6F826C7F0B300F1B95B /* Cell */,
				3251E6EE26C7EFE800F1B95B /* OtherCompaniesView.storyboard */,
				3251E6F326C7F06800F1B95B /* OtherCompaniesViewController.swift */,
			);
			path = View;
			sourceTree = "<group>";
		};
		3251E6F826C7F0B300F1B95B /* Cell */ = {
			isa = PBXGroup;
			children = (
				3251E6F926C7F0DD00F1B95B /* OtherCompaniesTableViewCell.swift */,
				3251E6FA26C7F0DD00F1B95B /* OtherCompaniesTableViewCell.xib */,
			);
			path = Cell;
			sourceTree = "<group>";
		};
		3269984C268112840074E586 /* CompanyDetails */ = {
			isa = PBXGroup;
			children = (
				3269984D268112980074E586 /* View */,
			);
			path = CompanyDetails;
			sourceTree = "<group>";
		};
		3269984D268112980074E586 /* View */ = {
			isa = PBXGroup;
			children = (
				3269984F268112DE0074E586 /* CompanyDetailsTableViewController.swift */,
				3269984E268112DE0074E586 /* CompanyDetailsView.storyboard */,
			);
			path = View;
			sourceTree = "<group>";
		};
		326A3682267EA42F00B87D37 /* SignUp */ = {
			isa = PBXGroup;
			children = (
				327BE18D26DD7DDF00F46FCB /* FirebaseManager */,
				328CEA6526D7E17200F2C1BA /* View Model */,
				326A3683267EA44100B87D37 /* View */,
			);
			path = SignUp;
			sourceTree = "<group>";
		};
		326A3683267EA44100B87D37 /* View */ = {
			isa = PBXGroup;
			children = (
				327BE1BF26DD8C6E00F46FCB /* Extension */,
				32F5E12826C5924400C097DF /* SignUpView.storyboard */,
				326A368C267EA6DD00B87D37 /* SignUpTableViewController.swift */,
				3276299326C49CF800F0AC4F /* FirstViewController.swift */,
				3276299826C49D1100F0AC4F /* SecondViewController.swift */,
				32857966274C3518007B2B9B /* TermsAndConditionsViewController.swift */,
			);
			path = View;
			sourceTree = "<group>";
		};
		326E77E826E2E964009CAF9A /* ViewModel */ = {
			isa = PBXGroup;
			children = (
				326E77EA26E2E993009CAF9A /* FacilitiesSccurityApplicationViewModel.swift */,
			);
			path = ViewModel;
			sourceTree = "<group>";
		};
		326E77E926E2E96F009CAF9A /* FirebaseManager */ = {
			isa = PBXGroup;
			children = (
				326E77EF26E2E9C3009CAF9A /* FacilitiesSccurityApplicationFirebaseManager.swift */,
			);
			path = FirebaseManager;
			sourceTree = "<group>";
		};
		327689B0269CA28F00CC61C0 /* KafoService */ = {
			isa = PBXGroup;
			children = (
				323B675A26C75473005CA819 /* FacilitiesSecurityApplcation */,
				327689B3269CA2D800CC61C0 /* KafoSerivceNumberOfHours */,
				327689B2269CA2B800CC61C0 /* KafoServiceGender */,
				327689B1269CA2A100CC61C0 /* KafoService */,
			);
			path = KafoService;
			sourceTree = "<group>";
		};
		327689B1269CA2A100CC61C0 /* KafoService */ = {
			isa = PBXGroup;
			children = (
				327689CF269CC80F00CC61C0 /* View */,
			);
			path = KafoService;
			sourceTree = "<group>";
		};
		327689B2269CA2B800CC61C0 /* KafoServiceGender */ = {
			isa = PBXGroup;
			children = (
				327689D0269CC81F00CC61C0 /* View */,
			);
			path = KafoServiceGender;
			sourceTree = "<group>";
		};
		327689B3269CA2D800CC61C0 /* KafoSerivceNumberOfHours */ = {
			isa = PBXGroup;
			children = (
				32ADEFB926E275EA00D11201 /* FirebaseManager */,
				32ADEFB826E275E200D11201 /* ViewModel */,
				327689CE269CC80800CC61C0 /* View */,
			);
			path = KafoSerivceNumberOfHours;
			sourceTree = "<group>";
		};
		327689CE269CC80800CC61C0 /* View */ = {
			isa = PBXGroup;
			children = (
				323B675426C73C20005CA819 /* NumberOfHoursView.storyboard */,
				327689D6269CCA1D00CC61C0 /* NumberOfHoursViewController.swift */,
			);
			path = View;
			sourceTree = "<group>";
		};
		327689CF269CC80F00CC61C0 /* View */ = {
			isa = PBXGroup;
			children = (
				323B674926C7363A005CA819 /* KafoServiceView.storyboard */,
				327689B4269CA4B700CC61C0 /* KafoServiceViewController.swift */,
			);
			path = View;
			sourceTree = "<group>";
		};
		327689D0269CC81F00CC61C0 /* View */ = {
			isa = PBXGroup;
			children = (
				327689C9269CC10100CC61C0 /* BodyGuardGenderViewController.swift */,
			);
			path = View;
			sourceTree = "<group>";
		};
		3277460C26C06F0100B7A9C8 /* SideMenu */ = {
			isa = PBXGroup;
			children = (
				3277460D26C06F0C00B7A9C8 /* LeftSideMenu */,
			);
			path = SideMenu;
			sourceTree = "<group>";
		};
		3277460D26C06F0C00B7A9C8 /* LeftSideMenu */ = {
			isa = PBXGroup;
			children = (
				3277460E26C06F1A00B7A9C8 /* View */,
			);
			path = LeftSideMenu;
			sourceTree = "<group>";
		};
		3277460E26C06F1A00B7A9C8 /* View */ = {
			isa = PBXGroup;
			children = (
				3251E70B26C8156800F1B95B /* LeftSideMenuView.storyboard */,
				3277461426C089C000B7A9C8 /* LeftSideMenuViewController.swift */,
				329DE4072794B309006CFDC7 /* ContacWithUsViewController.swift */,
			);
			path = View;
			sourceTree = "<group>";
		};
		3277D1F32677BDCA00F84C30 = {
			isa = PBXGroup;
			children = (
				3277D1FE2677BDCA00F84C30 /* kafo */,
				3277D2152677BDCE00F84C30 /* kafoTests */,
				3277D2202677BDCE00F84C30 /* kafoUITests */,
				3277D1FD2677BDCA00F84C30 /* Products */,
				FAC5CD33A7AABBFAD7C45393 /* Pods */,
				AE26B4950D33F0254E0D7820 /* Frameworks */,
			);
			sourceTree = "<group>";
		};
		3277D1FD2677BDCA00F84C30 /* Products */ = {
			isa = PBXGroup;
			children = (
				3277D1FC2677BDCA00F84C30 /* kafo.app */,
				3277D2122677BDCE00F84C30 /* kafoTests.xctest */,
				3277D21D2677BDCE00F84C30 /* kafoUITests.xctest */,
			);
			name = Products;
			sourceTree = "<group>";
		};
		3277D1FE2677BDCA00F84C30 /* kafo */ = {
			isa = PBXGroup;
			children = (
				328CEA6626D7E1AB00F2C1BA /* Model */,
				328CEA6026D7D7ED00F2C1BA /* GoogleService-Info.plist */,
				329B6086267FD831008AB2DE /* Common */,
				3277D2322677BEE400F84C30 /* Presentaion */,
				3277D1FF2677BDCA00F84C30 /* AppDelegate.swift */,
				3277D2012677BDCB00F84C30 /* SceneDelegate.swift */,
				3277D2032677BDCB00F84C30 /* ViewController.swift */,
				3277D2052677BDCB00F84C30 /* Main.storyboard */,
				3277D2082677BDCD00F84C30 /* Assets.xcassets */,
				3277D20A2677BDCD00F84C30 /* LaunchScreen.storyboard */,
				3277D20D2677BDCD00F84C30 /* Info.plist */,
			);
			path = kafo;
			sourceTree = "<group>";
		};
		3277D2152677BDCE00F84C30 /* kafoTests */ = {
			isa = PBXGroup;
			children = (
				3277D2162677BDCE00F84C30 /* kafoTests.swift */,
				3277D2182677BDCE00F84C30 /* Info.plist */,
			);
			path = kafoTests;
			sourceTree = "<group>";
		};
		3277D2202677BDCE00F84C30 /* kafoUITests */ = {
			isa = PBXGroup;
			children = (
				3277D2212677BDCE00F84C30 /* kafoUITests.swift */,
				3277D2232677BDCE00F84C30 /* Info.plist */,
			);
			path = kafoUITests;
			sourceTree = "<group>";
		};
		3277D2322677BEE400F84C30 /* Presentaion */ = {
			isa = PBXGroup;
			children = (
				32C09F8226E9040200F63112 /* MyOrders */,
				3251E6EC26C7EFBD00F1B95B /* OtherCompanies */,
				327A636726C2F2C5003B3EDE /* Profile */,
				3277460C26C06F0100B7A9C8 /* SideMenu */,
				327689B0269CA28F00CC61C0 /* KafoService */,
				32DDC4EF269C765700969823 /* ListOfBodyGuards */,
				328A565A2699F1A800BFD9C2 /* Location */,
				328A56472699D18E00BFD9C2 /* Services */,
				329B60A8267FECF0008AB2DE /* Customer */,
				3277D2332677BF2F00F84C30 /* Auth */,
			);
			path = Presentaion;
			sourceTree = "<group>";
		};
		3277D2332677BF2F00F84C30 /* Auth */ = {
			isa = PBXGroup;
			children = (
				326A3682267EA42F00B87D37 /* SignUp */,
				3277D2342677BF4900F84C30 /* Login */,
			);
			path = Auth;
			sourceTree = "<group>";
		};
		3277D2342677BF4900F84C30 /* Login */ = {
			isa = PBXGroup;
			children = (
				3277D2372677BF9900F84C30 /* LoginFirebaseManager */,
				3277D2362677BF8300F84C30 /* ViewModel */,
				3277D2352677BF7900F84C30 /* View */,
			);
			path = Login;
			sourceTree = "<group>";
		};
		3277D2352677BF7900F84C30 /* View */ = {
			isa = PBXGroup;
			children = (
				3277D24B2677C05C00F84C30 /* Extensions */,
				3277D2382677BFED00F84C30 /* LoginViewController.swift */,
				3277D2542677C08F00F84C30 /* LoginView.storyboard */,
				32B25E58267C184500ED2082 /* CustomerOrWorkerViewController.swift */,
			);
			path = View;
			sourceTree = "<group>";
		};
		3277D2362677BF8300F84C30 /* ViewModel */ = {
			isa = PBXGroup;
			children = (
				328320BC26E13A6B0040FD60 /* LoginViewModel.swift */,
			);
			path = ViewModel;
			sourceTree = "<group>";
		};
		3277D2372677BF9900F84C30 /* LoginFirebaseManager */ = {
			isa = PBXGroup;
			children = (
				328320C126E13E3A0040FD60 /* LoginFirebaseManager.swift */,
			);
			path = LoginFirebaseManager;
			sourceTree = "<group>";
		};
		3277D24B2677C05C00F84C30 /* Extensions */ = {
			isa = PBXGroup;
			children = (
				3277D24C2677C05C00F84C30 /* LoginVIewController + TextFiledDelegate.swift */,
			);
			path = Extensions;
			sourceTree = "<group>";
		};
		327A636726C2F2C5003B3EDE /* Profile */ = {
			isa = PBXGroup;
			children = (
				327A636826C2F2D3003B3EDE /* View */,
			);
			path = Profile;
			sourceTree = "<group>";
		};
		327A636826C2F2D3003B3EDE /* View */ = {
			isa = PBXGroup;
			children = (
				3251E71626C8215800F1B95B /* ProfileView.storyboard */,
				327A636E26C2F6D8003B3EDE /* ProfileTableViewController.swift */,
			);
			path = View;
			sourceTree = "<group>";
		};
		327BE18D26DD7DDF00F46FCB /* FirebaseManager */ = {
			isa = PBXGroup;
			children = (
				327BE18E26DD7E0500F46FCB /* SignupFirebaseManager.swift */,
			);
			path = FirebaseManager;
			sourceTree = "<group>";
		};
		327BE1BF26DD8C6E00F46FCB /* Extension */ = {
			isa = PBXGroup;
			children = (
				327BE1C026DD8C7F00F46FCB /* SignupViewController- UITextFieldDelegate .swift */,
			);
			path = Extension;
			sourceTree = "<group>";
		};
		328320C626E150160040FD60 /* ViewModel */ = {
			isa = PBXGroup;
			children = (
				328320D026E15B550040FD60 /* ListOfBodyGuardsViewModel.swift */,
			);
			path = ViewModel;
			sourceTree = "<group>";
		};
		328320C726E1501F0040FD60 /* FirebaseManager */ = {
			isa = PBXGroup;
			children = (
				328320C826E159400040FD60 /* ListOfBodyGuardsFirabaseManager.swift */,
			);
			path = FirebaseManager;
			sourceTree = "<group>";
		};
		328A56472699D18E00BFD9C2 /* Services */ = {
			isa = PBXGroup;
			children = (
				328A56482699D19900BFD9C2 /* View */,
			);
			path = Services;
			sourceTree = "<group>";
		};
		328A56482699D19900BFD9C2 /* View */ = {
			isa = PBXGroup;
			children = (
				3276298A26C4974B00F0AC4F /* ServicesView.storyboard */,
				328A56512699EA5200BFD9C2 /* ServicesTableViewController.swift */,
			);
			path = View;
			sourceTree = "<group>";
		};
		328A565A2699F1A800BFD9C2 /* Location */ = {
			isa = PBXGroup;
			children = (
				323B672E26C72ACD005CA819 /* LocationView.storyboard */,
				328A56662699F73F00BFD9C2 /* LocationViewController.swift */,
			);
			path = Location;
			sourceTree = "<group>";
		};
		328CEA6526D7E17200F2C1BA /* View Model */ = {
			isa = PBXGroup;
			children = (
				327BE18726DD7D8000F46FCB /* SignupViewModel.swift */,
			);
			path = "View Model";
			sourceTree = "<group>";
		};
		328CEA6626D7E1AB00F2C1BA /* Model */ = {
			isa = PBXGroup;
			children = (
				328CEA6726D7E3E900F2C1BA /* User.swift */,
				328320ED26E1ADAE0040FD60 /* Order.swift */,
				32ADEFBF26E27B2E00D11201 /* KafoBodyGuardOrder.swift */,
				326E77F426E2EFAC009CAF9A /* FacilitiesSccurityApplicationModel.swift */,
			);
			path = Model;
			sourceTree = "<group>";
		};
		329B6086267FD831008AB2DE /* Common */ = {
			isa = PBXGroup;
			children = (
				329B6094267FD87D008AB2DE /* Checkbox.swift */,
				32F5E13126C59DC100C097DF /* Gridiant.swift */,
				327BE18226DD7D3F00F46FCB /* Observable.swift */,
				323E09E7275BE3E000B10A44 /* Localization.swift */,
			);
			path = Common;
			sourceTree = "<group>";
		};
		329B609C267FE93E008AB2DE /* Main */ = {
			isa = PBXGroup;
			children = (
				329B609E267FE9A6008AB2DE /* View */,
			);
			path = Main;
			sourceTree = "<group>";
		};
		329B609E267FE9A6008AB2DE /* View */ = {
			isa = PBXGroup;
			children = (
				329B60A4267FEA0B008AB2DE /* Cell */,
				329B609F267FE9C4008AB2DE /* MainCustomerView.storyboard */,
				326998412680DE8B0074E586 /* MainCustomerViewController.swift */,
			);
			path = View;
			sourceTree = "<group>";
		};
		329B60A4267FEA0B008AB2DE /* Cell */ = {
			isa = PBXGroup;
			children = (
				3269983A2680DA0F0074E586 /* MainViewTableViewCell.swift */,
				3269983B2680DA0F0074E586 /* MainViewTableViewCell.xib */,
			);
			path = Cell;
			sourceTree = "<group>";
		};
		329B60A8267FECF0008AB2DE /* Customer */ = {
			isa = PBXGroup;
			children = (
				3269984C268112840074E586 /* CompanyDetails */,
				329B60A9267FED1A008AB2DE /* PersonalBodyguardDetails */,
				329B609C267FE93E008AB2DE /* Main */,
			);
			path = Customer;
			sourceTree = "<group>";
		};
		329B60A9267FED1A008AB2DE /* PersonalBodyguardDetails */ = {
			isa = PBXGroup;
			children = (
				329B60AA267FED5D008AB2DE /* View */,
			);
			path = PersonalBodyguardDetails;
			sourceTree = "<group>";
		};
		329B60AA267FED5D008AB2DE /* View */ = {
			isa = PBXGroup;
			children = (
				329B60AB267FED7D008AB2DE /* PersonalBodyguardView.storyboard */,
				326998322680CD9B0074E586 /* PersonalBodyguardTableViewController.swift */,
			);
			path = View;
			sourceTree = "<group>";
		};
		32ADEFB826E275E200D11201 /* ViewModel */ = {
			isa = PBXGroup;
			children = (
				32ADEFC426E27C2800D11201 /* KafoServiceViewModel.swift */,
			);
			path = ViewModel;
			sourceTree = "<group>";
		};
		32ADEFB926E275EA00D11201 /* FirebaseManager */ = {
			isa = PBXGroup;
			children = (
				32ADEFBA26E2787A00D11201 /* KafoServiceFIrebaseManager.swift */,
			);
			path = FirebaseManager;
			sourceTree = "<group>";
		};
		32C09F8226E9040200F63112 /* MyOrders */ = {
			isa = PBXGroup;
			children = (
				32C09F8E26E9042A00F63112 /* FirebaseManager */,
				32C09F8D26E9042200F63112 /* viewModel */,
				32C09F8626E9040F00F63112 /* View */,
			);
			path = MyOrders;
			sourceTree = "<group>";
		};
		32C09F8626E9040F00F63112 /* View */ = {
			isa = PBXGroup;
			children = (
				32C09F9426E9070F00F63112 /* cell */,
				32C09F8F26E9045200F63112 /* MyOrderView.storyboard */,
				32C09F9526E9073400F63112 /* MyOrderTableViewController.swift */,
			);
			path = View;
			sourceTree = "<group>";
		};
		32C09F8D26E9042200F63112 /* viewModel */ = {
			isa = PBXGroup;
			children = (
				3278084A26F7DC340025E399 /* OrdersViewModel.swift */,
			);
			path = viewModel;
			sourceTree = "<group>";
		};
		32C09F8E26E9042A00F63112 /* FirebaseManager */ = {
			isa = PBXGroup;
			children = (
				3275A5E426F4DBD400B84601 /* OrdersFirebaseManger.swift */,
			);
			path = FirebaseManager;
			sourceTree = "<group>";
		};
		32C09F9426E9070F00F63112 /* cell */ = {
			isa = PBXGroup;
			children = (
				32E36C3926F394BA007BD7D1 /* OrderTableViewCell.swift */,
				32E36C3A26F394BA007BD7D1 /* OrderTableViewCell.xib */,
			);
			path = cell;
			sourceTree = "<group>";
		};
		32DDC4EF269C765700969823 /* ListOfBodyGuards */ = {
			isa = PBXGroup;
			children = (
				328320C726E1501F0040FD60 /* FirebaseManager */,
				328320C626E150160040FD60 /* ViewModel */,
				32DDC4F0269C766B00969823 /* View */,
			);
			path = ListOfBodyGuards;
			sourceTree = "<group>";
		};
		32DDC4F0269C766B00969823 /* View */ = {
			isa = PBXGroup;
			children = (
				32DDC4F6269C798100969823 /* Cell */,
				32DDC4F1269C78F200969823 /* ListOfBodyGuards.storyboard */,
				323B674126C7355F005CA819 /* BodyguardGenderView.storyboard */,
				32DDC4FE269C7CDE00969823 /* ListOfBodyGuardsViewController.swift */,
				328320D826E175890040FD60 /* BodyGuardProfileViewControll.swift */,
				328320E826E1A29B0040FD60 /* BodyGaurdNumberOfHoursViewController.swift */,
			);
			path = View;
			sourceTree = "<group>";
		};
		32DDC4F6269C798100969823 /* Cell */ = {
			isa = PBXGroup;
			children = (
				32DDC4F7269C79BB00969823 /* ListOfGuardsTableViewCell.swift */,
				323B673926C7329D005CA819 /* ListOfGuardsTableViewCell.xib */,
			);
			path = Cell;
			sourceTree = "<group>";
		};
		AE26B4950D33F0254E0D7820 /* Frameworks */ = {
			isa = PBXGroup;
			children = (
				32AD0975279DF72B0044EAC2 /* DropDown.framework */,
				10CBAC4709A94C2A221702BC /* Pods_kafo.framework */,
				A965F922173A0C423BE26C0F /* Pods_kafo_kafoUITests.framework */,
				E852DB847189408DE9F18D44 /* Pods_kafoTests.framework */,
			);
			name = Frameworks;
			sourceTree = "<group>";
		};
		FAC5CD33A7AABBFAD7C45393 /* Pods */ = {
			isa = PBXGroup;
			children = (
				46F0118B6043FB520B1263E9 /* Pods-kafo.debug.xcconfig */,
				66DF3D11DF0DA6660F42825A /* Pods-kafo.release.xcconfig */,
				E5A951C69020BBDE04AA4848 /* Pods-kafo-kafoUITests.debug.xcconfig */,
				95C1D6BCCC8F08224335244C /* Pods-kafo-kafoUITests.release.xcconfig */,
				5C8DDD3CD63E84AA43B16114 /* Pods-kafoTests.debug.xcconfig */,
				E12F105B309F201C6749E92E /* Pods-kafoTests.release.xcconfig */,
			);
			path = Pods;
			sourceTree = "<group>";
		};
/* End PBXGroup section */

/* Begin PBXNativeTarget section */
		3277D1FB2677BDCA00F84C30 /* kafo */ = {
			isa = PBXNativeTarget;
			buildConfigurationList = 3277D2262677BDCE00F84C30 /* Build configuration list for PBXNativeTarget "kafo" */;
			buildPhases = (
				AB943C05D4D3521C94EE411B /* [CP] Check Pods Manifest.lock */,
				3277D1F82677BDCA00F84C30 /* Sources */,
				3277D1F92677BDCA00F84C30 /* Frameworks */,
				3277D1FA2677BDCA00F84C30 /* Resources */,
				F14F89D3FB277A95ED708F96 /* [CP] Embed Pods Frameworks */,
			);
			buildRules = (
			);
			dependencies = (
			);
			name = kafo;
			productName = kafo;
			productReference = 3277D1FC2677BDCA00F84C30 /* kafo.app */;
			productType = "com.apple.product-type.application";
		};
		3277D2112677BDCE00F84C30 /* kafoTests */ = {
			isa = PBXNativeTarget;
			buildConfigurationList = 3277D2292677BDCE00F84C30 /* Build configuration list for PBXNativeTarget "kafoTests" */;
			buildPhases = (
				D97C551E44E9A695EF8C077B /* [CP] Check Pods Manifest.lock */,
				3277D20E2677BDCE00F84C30 /* Sources */,
				3277D20F2677BDCE00F84C30 /* Frameworks */,
				3277D2102677BDCE00F84C30 /* Resources */,
			);
			buildRules = (
			);
			dependencies = (
				3277D2142677BDCE00F84C30 /* PBXTargetDependency */,
			);
			name = kafoTests;
			productName = kafoTests;
			productReference = 3277D2122677BDCE00F84C30 /* kafoTests.xctest */;
			productType = "com.apple.product-type.bundle.unit-test";
		};
		3277D21C2677BDCE00F84C30 /* kafoUITests */ = {
			isa = PBXNativeTarget;
			buildConfigurationList = 3277D22C2677BDCE00F84C30 /* Build configuration list for PBXNativeTarget "kafoUITests" */;
			buildPhases = (
				907A6151B5940B00DBBE7934 /* [CP] Check Pods Manifest.lock */,
				3277D2192677BDCE00F84C30 /* Sources */,
				3277D21A2677BDCE00F84C30 /* Frameworks */,
				3277D21B2677BDCE00F84C30 /* Resources */,
				BEBEF59018908DF1D9C12A2F /* [CP] Embed Pods Frameworks */,
			);
			buildRules = (
			);
			dependencies = (
				3277D21F2677BDCE00F84C30 /* PBXTargetDependency */,
			);
			name = kafoUITests;
			productName = kafoUITests;
			productReference = 3277D21D2677BDCE00F84C30 /* kafoUITests.xctest */;
			productType = "com.apple.product-type.bundle.ui-testing";
		};
/* End PBXNativeTarget section */

/* Begin PBXProject section */
		3277D1F42677BDCA00F84C30 /* Project object */ = {
			isa = PBXProject;
			attributes = {
				LastSwiftUpdateCheck = 1240;
				LastUpgradeCheck = 1240;
				TargetAttributes = {
					3277D1FB2677BDCA00F84C30 = {
						CreatedOnToolsVersion = 12.4;
					};
					3277D2112677BDCE00F84C30 = {
						CreatedOnToolsVersion = 12.4;
						TestTargetID = 3277D1FB2677BDCA00F84C30;
					};
					3277D21C2677BDCE00F84C30 = {
						CreatedOnToolsVersion = 12.4;
						TestTargetID = 3277D1FB2677BDCA00F84C30;
					};
				};
			};
			buildConfigurationList = 3277D1F72677BDCA00F84C30 /* Build configuration list for PBXProject "kafo" */;
			compatibilityVersion = "Xcode 9.3";
			developmentRegion = en;
			hasScannedForEncodings = 0;
			knownRegions = (
				en,
				Base,
				ar,
			);
			mainGroup = 3277D1F32677BDCA00F84C30;
			productRefGroup = 3277D1FD2677BDCA00F84C30 /* Products */;
			projectDirPath = "";
			projectRoot = "";
			targets = (
				3277D1FB2677BDCA00F84C30 /* kafo */,
				3277D2112677BDCE00F84C30 /* kafoTests */,
				3277D21C2677BDCE00F84C30 /* kafoUITests */,
			);
		};
/* End PBXProject section */

/* Begin PBXResourcesBuildPhase section */
		3277D1FA2677BDCA00F84C30 /* Resources */ = {
			isa = PBXResourcesBuildPhase;
			buildActionMask = 2147483647;
			files = (
				323B673726C7329D005CA819 /* ListOfGuardsTableViewCell.xib in Resources */,
				323B672C26C72ACD005CA819 /* LocationView.storyboard in Resources */,
				3277D20C2677BDCD00F84C30 /* LaunchScreen.storyboard in Resources */,
				3277D2092677BDCD00F84C30 /* Assets.xcassets in Resources */,
				32F5E12626C5924400C097DF /* SignUpView.storyboard in Resources */,
				3251E6DE26C7D9FA00F1B95B /* FacilitiesSccurityApplicationView.storyboard in Resources */,
				32E36C3C26F394BA007BD7D1 /* OrderTableViewCell.xib in Resources */,
				3251E71426C8215800F1B95B /* ProfileView.storyboard in Resources */,
				3277D2072677BDCB00F84C30 /* Main.storyboard in Resources */,
				329B60AC267FED7D008AB2DE /* PersonalBodyguardView.storyboard in Resources */,
				3276298826C4974B00F0AC4F /* ServicesView.storyboard in Resources */,
				3251E70926C8156800F1B95B /* LeftSideMenuView.storyboard in Resources */,
				323B673F26C7355F005CA819 /* BodyguardGenderView.storyboard in Resources */,
				32DDC4F2269C78F200969823 /* ListOfBodyGuards.storyboard in Resources */,
				3269983D2680DA0F0074E586 /* MainViewTableViewCell.xib in Resources */,
				329B60A0267FE9C4008AB2DE /* MainCustomerView.storyboard in Resources */,
				32699850268112DE0074E586 /* CompanyDetailsView.storyboard in Resources */,
				3251E6EF26C7EFE800F1B95B /* OtherCompaniesView.storyboard in Resources */,
				323B675226C73C20005CA819 /* NumberOfHoursView.storyboard in Resources */,
				32C09F9026E9045200F63112 /* MyOrderView.storyboard in Resources */,
				323B674726C7363A005CA819 /* KafoServiceView.storyboard in Resources */,
				328CEA6126D7D7EE00F2C1BA /* GoogleService-Info.plist in Resources */,
				3277D2562677C08F00F84C30 /* LoginView.storyboard in Resources */,
				3251E6FC26C7F0DD00F1B95B /* OtherCompaniesTableViewCell.xib in Resources */,
			);
			runOnlyForDeploymentPostprocessing = 0;
		};
		3277D2102677BDCE00F84C30 /* Resources */ = {
			isa = PBXResourcesBuildPhase;
			buildActionMask = 2147483647;
			files = (
			);
			runOnlyForDeploymentPostprocessing = 0;
		};
		3277D21B2677BDCE00F84C30 /* Resources */ = {
			isa = PBXResourcesBuildPhase;
			buildActionMask = 2147483647;
			files = (
			);
			runOnlyForDeploymentPostprocessing = 0;
		};
/* End PBXResourcesBuildPhase section */

/* Begin PBXShellScriptBuildPhase section */
		907A6151B5940B00DBBE7934 /* [CP] Check Pods Manifest.lock */ = {
			isa = PBXShellScriptBuildPhase;
			buildActionMask = 2147483647;
			files = (
			);
			inputFileListPaths = (
			);
			inputPaths = (
				"${PODS_PODFILE_DIR_PATH}/Podfile.lock",
				"${PODS_ROOT}/Manifest.lock",
			);
			name = "[CP] Check Pods Manifest.lock";
			outputFileListPaths = (
			);
			outputPaths = (
				"$(DERIVED_FILE_DIR)/Pods-kafo-kafoUITests-checkManifestLockResult.txt",
			);
			runOnlyForDeploymentPostprocessing = 0;
			shellPath = /bin/sh;
			shellScript = "diff \"${PODS_PODFILE_DIR_PATH}/Podfile.lock\" \"${PODS_ROOT}/Manifest.lock\" > /dev/null\nif [ $? != 0 ] ; then\n    # print error to STDERR\n    echo \"error: The sandbox is not in sync with the Podfile.lock. Run 'pod install' or update your CocoaPods installation.\" >&2\n    exit 1\nfi\n# This output is used by Xcode 'outputs' to avoid re-running this script phase.\necho \"SUCCESS\" > \"${SCRIPT_OUTPUT_FILE_0}\"\n";
			showEnvVarsInLog = 0;
		};
		AB943C05D4D3521C94EE411B /* [CP] Check Pods Manifest.lock */ = {
			isa = PBXShellScriptBuildPhase;
			buildActionMask = 2147483647;
			files = (
			);
			inputFileListPaths = (
			);
			inputPaths = (
				"${PODS_PODFILE_DIR_PATH}/Podfile.lock",
				"${PODS_ROOT}/Manifest.lock",
			);
			name = "[CP] Check Pods Manifest.lock";
			outputFileListPaths = (
			);
			outputPaths = (
				"$(DERIVED_FILE_DIR)/Pods-kafo-checkManifestLockResult.txt",
			);
			runOnlyForDeploymentPostprocessing = 0;
			shellPath = /bin/sh;
			shellScript = "diff \"${PODS_PODFILE_DIR_PATH}/Podfile.lock\" \"${PODS_ROOT}/Manifest.lock\" > /dev/null\nif [ $? != 0 ] ; then\n    # print error to STDERR\n    echo \"error: The sandbox is not in sync with the Podfile.lock. Run 'pod install' or update your CocoaPods installation.\" >&2\n    exit 1\nfi\n# This output is used by Xcode 'outputs' to avoid re-running this script phase.\necho \"SUCCESS\" > \"${SCRIPT_OUTPUT_FILE_0}\"\n";
			showEnvVarsInLog = 0;
		};
		BEBEF59018908DF1D9C12A2F /* [CP] Embed Pods Frameworks */ = {
			isa = PBXShellScriptBuildPhase;
			buildActionMask = 2147483647;
			files = (
			);
			inputFileListPaths = (
				"${PODS_ROOT}/Target Support Files/Pods-kafo-kafoUITests/Pods-kafo-kafoUITests-frameworks-${CONFIGURATION}-input-files.xcfilelist",
			);
			name = "[CP] Embed Pods Frameworks";
			outputFileListPaths = (
				"${PODS_ROOT}/Target Support Files/Pods-kafo-kafoUITests/Pods-kafo-kafoUITests-frameworks-${CONFIGURATION}-output-files.xcfilelist",
			);
			runOnlyForDeploymentPostprocessing = 0;
			shellPath = /bin/sh;
			shellScript = "\"${PODS_ROOT}/Target Support Files/Pods-kafo-kafoUITests/Pods-kafo-kafoUITests-frameworks.sh\"\n";
			showEnvVarsInLog = 0;
		};
		D97C551E44E9A695EF8C077B /* [CP] Check Pods Manifest.lock */ = {
			isa = PBXShellScriptBuildPhase;
			buildActionMask = 2147483647;
			files = (
			);
			inputFileListPaths = (
			);
			inputPaths = (
				"${PODS_PODFILE_DIR_PATH}/Podfile.lock",
				"${PODS_ROOT}/Manifest.lock",
			);
			name = "[CP] Check Pods Manifest.lock";
			outputFileListPaths = (
			);
			outputPaths = (
				"$(DERIVED_FILE_DIR)/Pods-kafoTests-checkManifestLockResult.txt",
			);
			runOnlyForDeploymentPostprocessing = 0;
			shellPath = /bin/sh;
			shellScript = "diff \"${PODS_PODFILE_DIR_PATH}/Podfile.lock\" \"${PODS_ROOT}/Manifest.lock\" > /dev/null\nif [ $? != 0 ] ; then\n    # print error to STDERR\n    echo \"error: The sandbox is not in sync with the Podfile.lock. Run 'pod install' or update your CocoaPods installation.\" >&2\n    exit 1\nfi\n# This output is used by Xcode 'outputs' to avoid re-running this script phase.\necho \"SUCCESS\" > \"${SCRIPT_OUTPUT_FILE_0}\"\n";
			showEnvVarsInLog = 0;
		};
		F14F89D3FB277A95ED708F96 /* [CP] Embed Pods Frameworks */ = {
			isa = PBXShellScriptBuildPhase;
			buildActionMask = 2147483647;
			files = (
			);
			inputFileListPaths = (
				"${PODS_ROOT}/Target Support Files/Pods-kafo/Pods-kafo-frameworks-${CONFIGURATION}-input-files.xcfilelist",
			);
			name = "[CP] Embed Pods Frameworks";
			outputFileListPaths = (
				"${PODS_ROOT}/Target Support Files/Pods-kafo/Pods-kafo-frameworks-${CONFIGURATION}-output-files.xcfilelist",
			);
			runOnlyForDeploymentPostprocessing = 0;
			shellPath = /bin/sh;
			shellScript = "\"${PODS_ROOT}/Target Support Files/Pods-kafo/Pods-kafo-frameworks.sh\"\n";
			showEnvVarsInLog = 0;
		};
/* End PBXShellScriptBuildPhase section */

/* Begin PBXSourcesBuildPhase section */
		3277D1F82677BDCA00F84C30 /* Sources */ = {
			isa = PBXSourcesBuildPhase;
			buildActionMask = 2147483647;
			files = (
				327A636F26C2F6D8003B3EDE /* ProfileTableViewController.swift in Sources */,
				329B6095267FD87D008AB2DE /* Checkbox.swift in Sources */,
				32ADEFBB26E2787A00D11201 /* KafoServiceFIrebaseManager.swift in Sources */,
				328320BD26E13A6B0040FD60 /* LoginViewModel.swift in Sources */,
				326E77F026E2E9C3009CAF9A /* FacilitiesSccurityApplicationFirebaseManager.swift in Sources */,
				32699851268112DE0074E586 /* CompanyDetailsTableViewController.swift in Sources */,
				328320E926E1A29B0040FD60 /* BodyGaurdNumberOfHoursViewController.swift in Sources */,
				32F5E13226C59DC100C097DF /* Gridiant.swift in Sources */,
				32857967274C3518007B2B9B /* TermsAndConditionsViewController.swift in Sources */,
				3277D24D2677C05C00F84C30 /* LoginVIewController + TextFiledDelegate.swift in Sources */,
				3251E6FB26C7F0DD00F1B95B /* OtherCompaniesTableViewCell.swift in Sources */,
				32C09F9626E9073400F63112 /* MyOrderTableViewController.swift in Sources */,
				327BE18826DD7D8000F46FCB /* SignupViewModel.swift in Sources */,
				32DDC4FF269C7CDE00969823 /* ListOfBodyGuardsViewController.swift in Sources */,
				32ADEFC026E27B2E00D11201 /* KafoBodyGuardOrder.swift in Sources */,
				328320C926E159400040FD60 /* ListOfBodyGuardsFirabaseManager.swift in Sources */,
				3277D2392677BFED00F84C30 /* LoginViewController.swift in Sources */,
				328320C226E13E3A0040FD60 /* LoginFirebaseManager.swift in Sources */,
				327689CA269CC10100CC61C0 /* BodyGuardGenderViewController.swift in Sources */,
				3277D2042677BDCB00F84C30 /* ViewController.swift in Sources */,
				32DDC4F9269C79BB00969823 /* ListOfGuardsTableViewCell.swift in Sources */,
				326E77EB26E2E993009CAF9A /* FacilitiesSccurityApplicationViewModel.swift in Sources */,
				326998332680CD9B0074E586 /* PersonalBodyguardTableViewController.swift in Sources */,
				3276299926C49D1100F0AC4F /* SecondViewController.swift in Sources */,
				328A56522699EA5200BFD9C2 /* ServicesTableViewController.swift in Sources */,
				327BE1C126DD8C7F00F46FCB /* SignupViewController- UITextFieldDelegate .swift in Sources */,
				3277461526C089C000B7A9C8 /* LeftSideMenuViewController.swift in Sources */,
				3278084B26F7DC340025E399 /* OrdersViewModel.swift in Sources */,
				3251E6DA26C7D81800F1B95B /* FacilitiesSccurityApplicationViewController.swift in Sources */,
				328A56672699F73F00BFD9C2 /* LocationViewController.swift in Sources */,
				32ADEFC526E27C2800D11201 /* KafoServiceViewModel.swift in Sources */,
				3277D2002677BDCA00F84C30 /* AppDelegate.swift in Sources */,
				32E36C3B26F394BA007BD7D1 /* OrderTableViewCell.swift in Sources */,
				3275A5E526F4DBD400B84601 /* OrdersFirebaseManger.swift in Sources */,
				327BE18F26DD7E0500F46FCB /* SignupFirebaseManager.swift in Sources */,
				323E09E8275BE3E000B10A44 /* Localization.swift in Sources */,
				329DE4082794B309006CFDC7 /* ContacWithUsViewController.swift in Sources */,
				326E77F526E2EFAC009CAF9A /* FacilitiesSccurityApplicationModel.swift in Sources */,
				326A368D267EA6DD00B87D37 /* SignUpTableViewController.swift in Sources */,
				3277D2022677BDCB00F84C30 /* SceneDelegate.swift in Sources */,
				328CEA6826D7E3E900F2C1BA /* User.swift in Sources */,
				32B25E59267C184500ED2082 /* CustomerOrWorkerViewController.swift in Sources */,
				327689D7269CCA1D00CC61C0 /* NumberOfHoursViewController.swift in Sources */,
				326998422680DE8B0074E586 /* MainCustomerViewController.swift in Sources */,
				328320D126E15B550040FD60 /* ListOfBodyGuardsViewModel.swift in Sources */,
				327BE18326DD7D4000F46FCB /* Observable.swift in Sources */,
				327689B5269CA4B700CC61C0 /* KafoServiceViewController.swift in Sources */,
				3269983C2680DA0F0074E586 /* MainViewTableViewCell.swift in Sources */,
				3276299426C49CF800F0AC4F /* FirstViewController.swift in Sources */,
				328320EE26E1ADAE0040FD60 /* Order.swift in Sources */,
				3251E6F426C7F06800F1B95B /* OtherCompaniesViewController.swift in Sources */,
				328320D926E175890040FD60 /* BodyGuardProfileViewControll.swift in Sources */,
			);
			runOnlyForDeploymentPostprocessing = 0;
		};
		3277D20E2677BDCE00F84C30 /* Sources */ = {
			isa = PBXSourcesBuildPhase;
			buildActionMask = 2147483647;
			files = (
				3277D2172677BDCE00F84C30 /* kafoTests.swift in Sources */,
			);
			runOnlyForDeploymentPostprocessing = 0;
		};
		3277D2192677BDCE00F84C30 /* Sources */ = {
			isa = PBXSourcesBuildPhase;
			buildActionMask = 2147483647;
			files = (
				3277D2222677BDCE00F84C30 /* kafoUITests.swift in Sources */,
			);
			runOnlyForDeploymentPostprocessing = 0;
		};
/* End PBXSourcesBuildPhase section */

/* Begin PBXTargetDependency section */
		3277D2142677BDCE00F84C30 /* PBXTargetDependency */ = {
			isa = PBXTargetDependency;
			target = 3277D1FB2677BDCA00F84C30 /* kafo */;
			targetProxy = 3277D2132677BDCE00F84C30 /* PBXContainerItemProxy */;
		};
		3277D21F2677BDCE00F84C30 /* PBXTargetDependency */ = {
			isa = PBXTargetDependency;
			target = 3277D1FB2677BDCA00F84C30 /* kafo */;
			targetProxy = 3277D21E2677BDCE00F84C30 /* PBXContainerItemProxy */;
		};
/* End PBXTargetDependency section */

/* Begin PBXVariantGroup section */
		323B672E26C72ACD005CA819 /* LocationView.storyboard */ = {
			isa = PBXVariantGroup;
			children = (
				323B672D26C72ACD005CA819 /* Base */,
				327594BF279F5D8E0021085B /* ar */,
			);
			name = LocationView.storyboard;
			sourceTree = "<group>";
		};
		323B673926C7329D005CA819 /* ListOfGuardsTableViewCell.xib */ = {
			isa = PBXVariantGroup;
			children = (
				323B673826C7329D005CA819 /* Base */,
				323B673B26C732A3005CA819 /* ar */,
			);
			name = ListOfGuardsTableViewCell.xib;
			sourceTree = "<group>";
		};
		323B674126C7355F005CA819 /* BodyguardGenderView.storyboard */ = {
			isa = PBXVariantGroup;
			children = (
				323B674026C7355F005CA819 /* Base */,
				323B674626C73564005CA819 /* ar */,
			);
			name = BodyguardGenderView.storyboard;
			sourceTree = "<group>";
		};
		323B674926C7363A005CA819 /* KafoServiceView.storyboard */ = {
			isa = PBXVariantGroup;
			children = (
				323B674826C7363A005CA819 /* Base */,
			);
			name = KafoServiceView.storyboard;
			sourceTree = "<group>";
		};
		323B675426C73C20005CA819 /* NumberOfHoursView.storyboard */ = {
			isa = PBXVariantGroup;
			children = (
				323B675326C73C20005CA819 /* Base */,
				323B675626C73C28005CA819 /* ar */,
			);
			name = NumberOfHoursView.storyboard;
			sourceTree = "<group>";
		};
		3251E6E026C7D9FA00F1B95B /* FacilitiesSccurityApplicationView.storyboard */ = {
			isa = PBXVariantGroup;
			children = (
				3251E6DF26C7D9FA00F1B95B /* Base */,
				329DE40C2794BBF7006CFDC7 /* ar */,
			);
			name = FacilitiesSccurityApplicationView.storyboard;
			sourceTree = "<group>";
		};
		3251E70B26C8156800F1B95B /* LeftSideMenuView.storyboard */ = {
			isa = PBXVariantGroup;
			children = (
				3251E70A26C8156800F1B95B /* Base */,
				3251E71026C8157100F1B95B /* ar */,
			);
			name = LeftSideMenuView.storyboard;
			sourceTree = "<group>";
		};
		3251E71626C8215800F1B95B /* ProfileView.storyboard */ = {
			isa = PBXVariantGroup;
			children = (
				3251E71526C8215800F1B95B /* Base */,
				3251E71B26C8215D00F1B95B /* ar */,
			);
			name = ProfileView.storyboard;
			sourceTree = "<group>";
		};
		3276298A26C4974B00F0AC4F /* ServicesView.storyboard */ = {
			isa = PBXVariantGroup;
			children = (
				3276298926C4974B00F0AC4F /* Base */,
				3276298F26C4975400F0AC4F /* ar */,
			);
			name = ServicesView.storyboard;
			sourceTree = "<group>";
		};
		3277D2052677BDCB00F84C30 /* Main.storyboard */ = {
			isa = PBXVariantGroup;
			children = (
				321958D92792CD3100ABD847 /* ar */,
				321958DB2792CD3F00ABD847 /* en */,
			);
			name = Main.storyboard;
			sourceTree = "<group>";
		};
		3277D20A2677BDCD00F84C30 /* LaunchScreen.storyboard */ = {
			isa = PBXVariantGroup;
			children = (
				3277D20B2677BDCD00F84C30 /* Base */,
				3277460126C0642900B7A9C8 /* ar */,
			);
			name = LaunchScreen.storyboard;
			sourceTree = "<group>";
		};
		3277D2542677C08F00F84C30 /* LoginView.storyboard */ = {
			isa = PBXVariantGroup;
			children = (
				3277D2552677C08F00F84C30 /* Base */,
				321958D52792CB9F00ABD847 /* ar */,
			);
			name = LoginView.storyboard;
			sourceTree = "<group>";
		};
		32F5E12826C5924400C097DF /* SignUpView.storyboard */ = {
			isa = PBXVariantGroup;
			children = (
				32F5E12726C5924400C097DF /* Base */,
				321958DF2792F90100ABD847 /* ar */,
			);
			name = SignUpView.storyboard;
			sourceTree = "<group>";
		};
/* End PBXVariantGroup section */

/* Begin XCBuildConfiguration section */
		3277D2242677BDCE00F84C30 /* Debug */ = {
			isa = XCBuildConfiguration;
			buildSettings = {
				ALWAYS_SEARCH_USER_PATHS = NO;
				CLANG_ANALYZER_LOCALIZABILITY_NONLOCALIZED = YES;
				CLANG_ANALYZER_NONNULL = YES;
				CLANG_ANALYZER_NUMBER_OBJECT_CONVERSION = YES_AGGRESSIVE;
				CLANG_CXX_LANGUAGE_STANDARD = "gnu++14";
				CLANG_CXX_LIBRARY = "libc++";
				CLANG_ENABLE_MODULES = YES;
				CLANG_ENABLE_OBJC_ARC = YES;
				CLANG_ENABLE_OBJC_WEAK = YES;
				CLANG_WARN_BLOCK_CAPTURE_AUTORELEASING = YES;
				CLANG_WARN_BOOL_CONVERSION = YES;
				CLANG_WARN_COMMA = YES;
				CLANG_WARN_CONSTANT_CONVERSION = YES;
				CLANG_WARN_DEPRECATED_OBJC_IMPLEMENTATIONS = YES;
				CLANG_WARN_DIRECT_OBJC_ISA_USAGE = YES_ERROR;
				CLANG_WARN_DOCUMENTATION_COMMENTS = YES;
				CLANG_WARN_EMPTY_BODY = YES;
				CLANG_WARN_ENUM_CONVERSION = YES;
				CLANG_WARN_INFINITE_RECURSION = YES;
				CLANG_WARN_INT_CONVERSION = YES;
				CLANG_WARN_NON_LITERAL_NULL_CONVERSION = YES;
				CLANG_WARN_OBJC_IMPLICIT_RETAIN_SELF = YES;
				CLANG_WARN_OBJC_LITERAL_CONVERSION = YES;
				CLANG_WARN_OBJC_ROOT_CLASS = YES_ERROR;
				CLANG_WARN_QUOTED_INCLUDE_IN_FRAMEWORK_HEADER = YES;
				CLANG_WARN_RANGE_LOOP_ANALYSIS = YES;
				CLANG_WARN_STRICT_PROTOTYPES = YES;
				CLANG_WARN_SUSPICIOUS_MOVE = YES;
				CLANG_WARN_UNGUARDED_AVAILABILITY = YES_AGGRESSIVE;
				CLANG_WARN_UNREACHABLE_CODE = YES;
				CLANG_WARN__DUPLICATE_METHOD_MATCH = YES;
				COPY_PHASE_STRIP = NO;
				DEBUG_INFORMATION_FORMAT = dwarf;
				ENABLE_STRICT_OBJC_MSGSEND = YES;
				ENABLE_TESTABILITY = YES;
				GCC_C_LANGUAGE_STANDARD = gnu11;
				GCC_DYNAMIC_NO_PIC = NO;
				GCC_NO_COMMON_BLOCKS = YES;
				GCC_OPTIMIZATION_LEVEL = 0;
				GCC_PREPROCESSOR_DEFINITIONS = (
					"DEBUG=1",
					"$(inherited)",
				);
				GCC_WARN_64_TO_32_BIT_CONVERSION = YES;
				GCC_WARN_ABOUT_RETURN_TYPE = YES_ERROR;
				GCC_WARN_UNDECLARED_SELECTOR = YES;
				GCC_WARN_UNINITIALIZED_AUTOS = YES_AGGRESSIVE;
				GCC_WARN_UNUSED_FUNCTION = YES;
				GCC_WARN_UNUSED_VARIABLE = YES;
				IPHONEOS_DEPLOYMENT_TARGET = 14.4;
				MTL_ENABLE_DEBUG_INFO = INCLUDE_SOURCE;
				MTL_FAST_MATH = YES;
				ONLY_ACTIVE_ARCH = YES;
				SDKROOT = iphoneos;
				SWIFT_ACTIVE_COMPILATION_CONDITIONS = DEBUG;
				SWIFT_OPTIMIZATION_LEVEL = "-Onone";
			};
			name = Debug;
		};
		3277D2252677BDCE00F84C30 /* Release */ = {
			isa = XCBuildConfiguration;
			buildSettings = {
				ALWAYS_SEARCH_USER_PATHS = NO;
				CLANG_ANALYZER_LOCALIZABILITY_NONLOCALIZED = YES;
				CLANG_ANALYZER_NONNULL = YES;
				CLANG_ANALYZER_NUMBER_OBJECT_CONVERSION = YES_AGGRESSIVE;
				CLANG_CXX_LANGUAGE_STANDARD = "gnu++14";
				CLANG_CXX_LIBRARY = "libc++";
				CLANG_ENABLE_MODULES = YES;
				CLANG_ENABLE_OBJC_ARC = YES;
				CLANG_ENABLE_OBJC_WEAK = YES;
				CLANG_WARN_BLOCK_CAPTURE_AUTORELEASING = YES;
				CLANG_WARN_BOOL_CONVERSION = YES;
				CLANG_WARN_COMMA = YES;
				CLANG_WARN_CONSTANT_CONVERSION = YES;
				CLANG_WARN_DEPRECATED_OBJC_IMPLEMENTATIONS = YES;
				CLANG_WARN_DIRECT_OBJC_ISA_USAGE = YES_ERROR;
				CLANG_WARN_DOCUMENTATION_COMMENTS = YES;
				CLANG_WARN_EMPTY_BODY = YES;
				CLANG_WARN_ENUM_CONVERSION = YES;
				CLANG_WARN_INFINITE_RECURSION = YES;
				CLANG_WARN_INT_CONVERSION = YES;
				CLANG_WARN_NON_LITERAL_NULL_CONVERSION = YES;
				CLANG_WARN_OBJC_IMPLICIT_RETAIN_SELF = YES;
				CLANG_WARN_OBJC_LITERAL_CONVERSION = YES;
				CLANG_WARN_OBJC_ROOT_CLASS = YES_ERROR;
				CLANG_WARN_QUOTED_INCLUDE_IN_FRAMEWORK_HEADER = YES;
				CLANG_WARN_RANGE_LOOP_ANALYSIS = YES;
				CLANG_WARN_STRICT_PROTOTYPES = YES;
				CLANG_WARN_SUSPICIOUS_MOVE = YES;
				CLANG_WARN_UNGUARDED_AVAILABILITY = YES_AGGRESSIVE;
				CLANG_WARN_UNREACHABLE_CODE = YES;
				CLANG_WARN__DUPLICATE_METHOD_MATCH = YES;
				COPY_PHASE_STRIP = NO;
				DEBUG_INFORMATION_FORMAT = "dwarf-with-dsym";
				ENABLE_NS_ASSERTIONS = NO;
				ENABLE_STRICT_OBJC_MSGSEND = YES;
				GCC_C_LANGUAGE_STANDARD = gnu11;
				GCC_NO_COMMON_BLOCKS = YES;
				GCC_WARN_64_TO_32_BIT_CONVERSION = YES;
				GCC_WARN_ABOUT_RETURN_TYPE = YES_ERROR;
				GCC_WARN_UNDECLARED_SELECTOR = YES;
				GCC_WARN_UNINITIALIZED_AUTOS = YES_AGGRESSIVE;
				GCC_WARN_UNUSED_FUNCTION = YES;
				GCC_WARN_UNUSED_VARIABLE = YES;
				IPHONEOS_DEPLOYMENT_TARGET = 14.4;
				MTL_ENABLE_DEBUG_INFO = NO;
				MTL_FAST_MATH = YES;
				SDKROOT = iphoneos;
				SWIFT_COMPILATION_MODE = wholemodule;
				SWIFT_OPTIMIZATION_LEVEL = "-O";
				VALIDATE_PRODUCT = YES;
			};
			name = Release;
		};
		3277D2272677BDCE00F84C30 /* Debug */ = {
			isa = XCBuildConfiguration;
			baseConfigurationReference = 46F0118B6043FB520B1263E9 /* Pods-kafo.debug.xcconfig */;
			buildSettings = {
				ASSETCATALOG_COMPILER_APPICON_NAME = AppIcon;
				ASSETCATALOG_COMPILER_GLOBAL_ACCENT_COLOR_NAME = AccentColor;
				CODE_SIGN_IDENTITY = "Apple Development";
				CODE_SIGN_STYLE = Automatic;
				CURRENT_PROJECT_VERSION = 2;
				DEVELOPMENT_TEAM = P87F87R44Y;
				INFOPLIST_FILE = kafo/Info.plist;
				IPHONEOS_DEPLOYMENT_TARGET = 13.0;
				LD_RUNPATH_SEARCH_PATHS = (
					"$(inherited)",
					"@executable_path/Frameworks",
				);
				MARKETING_VERSION = 1.0.6;
				PRODUCT_BUNDLE_IDENTIFIER = anas.kafo;
				PRODUCT_NAME = "$(TARGET_NAME)";
				PROVISIONING_PROFILE_SPECIFIER = "";
				SWIFT_VERSION = 5.0;
				TARGETED_DEVICE_FAMILY = 1;
			};
			name = Debug;
		};
		3277D2282677BDCE00F84C30 /* Release */ = {
			isa = XCBuildConfiguration;
			baseConfigurationReference = 66DF3D11DF0DA6660F42825A /* Pods-kafo.release.xcconfig */;
			buildSettings = {
				ASSETCATALOG_COMPILER_APPICON_NAME = AppIcon;
				ASSETCATALOG_COMPILER_GLOBAL_ACCENT_COLOR_NAME = AccentColor;
				CODE_SIGN_IDENTITY = "Apple Development";
				CODE_SIGN_STYLE = Automatic;
				CURRENT_PROJECT_VERSION = 2;
				DEVELOPMENT_TEAM = P87F87R44Y;
				INFOPLIST_FILE = kafo/Info.plist;
				IPHONEOS_DEPLOYMENT_TARGET = 13.0;
				LD_RUNPATH_SEARCH_PATHS = (
					"$(inherited)",
					"@executable_path/Frameworks",
				);
				MARKETING_VERSION = 1.0.6;
				PRODUCT_BUNDLE_IDENTIFIER = anas.kafo;
				PRODUCT_NAME = "$(TARGET_NAME)";
				PROVISIONING_PROFILE_SPECIFIER = "";
				SWIFT_VERSION = 5.0;
				TARGETED_DEVICE_FAMILY = 1;
			};
			name = Release;
		};
		3277D22A2677BDCE00F84C30 /* Debug */ = {
			isa = XCBuildConfiguration;
			baseConfigurationReference = 5C8DDD3CD63E84AA43B16114 /* Pods-kafoTests.debug.xcconfig */;
			buildSettings = {
				ALWAYS_EMBED_SWIFT_STANDARD_LIBRARIES = YES;
				BUNDLE_LOADER = "$(TEST_HOST)";
				CODE_SIGN_STYLE = Automatic;
				DEVELOPMENT_TEAM = FL6L6BVPSN;
				INFOPLIST_FILE = kafoTests/Info.plist;
				IPHONEOS_DEPLOYMENT_TARGET = 14.4;
				LD_RUNPATH_SEARCH_PATHS = (
					"$(inherited)",
					"@executable_path/Frameworks",
					"@loader_path/Frameworks",
				);
				PRODUCT_BUNDLE_IDENTIFIER = anas.kafoTests;
				PRODUCT_NAME = "$(TARGET_NAME)";
				SWIFT_VERSION = 5.0;
				TARGETED_DEVICE_FAMILY = "1,2";
				TEST_HOST = "$(BUILT_PRODUCTS_DIR)/kafo.app/kafo";
			};
			name = Debug;
		};
		3277D22B2677BDCE00F84C30 /* Release */ = {
			isa = XCBuildConfiguration;
			baseConfigurationReference = E12F105B309F201C6749E92E /* Pods-kafoTests.release.xcconfig */;
			buildSettings = {
				ALWAYS_EMBED_SWIFT_STANDARD_LIBRARIES = YES;
				BUNDLE_LOADER = "$(TEST_HOST)";
				CODE_SIGN_STYLE = Automatic;
				DEVELOPMENT_TEAM = FL6L6BVPSN;
				INFOPLIST_FILE = kafoTests/Info.plist;
				IPHONEOS_DEPLOYMENT_TARGET = 14.4;
				LD_RUNPATH_SEARCH_PATHS = (
					"$(inherited)",
					"@executable_path/Frameworks",
					"@loader_path/Frameworks",
				);
				PRODUCT_BUNDLE_IDENTIFIER = anas.kafoTests;
				PRODUCT_NAME = "$(TARGET_NAME)";
				SWIFT_VERSION = 5.0;
				TARGETED_DEVICE_FAMILY = "1,2";
				TEST_HOST = "$(BUILT_PRODUCTS_DIR)/kafo.app/kafo";
			};
			name = Release;
		};
		3277D22D2677BDCE00F84C30 /* Debug */ = {
			isa = XCBuildConfiguration;
			baseConfigurationReference = E5A951C69020BBDE04AA4848 /* Pods-kafo-kafoUITests.debug.xcconfig */;
			buildSettings = {
				ALWAYS_EMBED_SWIFT_STANDARD_LIBRARIES = YES;
				CODE_SIGN_STYLE = Automatic;
				DEVELOPMENT_TEAM = FL6L6BVPSN;
				INFOPLIST_FILE = kafoUITests/Info.plist;
				LD_RUNPATH_SEARCH_PATHS = (
					"$(inherited)",
					"@executable_path/Frameworks",
					"@loader_path/Frameworks",
				);
				PRODUCT_BUNDLE_IDENTIFIER = anas.kafoUITests;
				PRODUCT_NAME = "$(TARGET_NAME)";
				SWIFT_VERSION = 5.0;
				TARGETED_DEVICE_FAMILY = "1,2";
				TEST_TARGET_NAME = kafo;
			};
			name = Debug;
		};
		3277D22E2677BDCE00F84C30 /* Release */ = {
			isa = XCBuildConfiguration;
			baseConfigurationReference = 95C1D6BCCC8F08224335244C /* Pods-kafo-kafoUITests.release.xcconfig */;
			buildSettings = {
				ALWAYS_EMBED_SWIFT_STANDARD_LIBRARIES = YES;
				CODE_SIGN_STYLE = Automatic;
				DEVELOPMENT_TEAM = FL6L6BVPSN;
				INFOPLIST_FILE = kafoUITests/Info.plist;
				LD_RUNPATH_SEARCH_PATHS = (
					"$(inherited)",
					"@executable_path/Frameworks",
					"@loader_path/Frameworks",
				);
				PRODUCT_BUNDLE_IDENTIFIER = anas.kafoUITests;
				PRODUCT_NAME = "$(TARGET_NAME)";
				SWIFT_VERSION = 5.0;
				TARGETED_DEVICE_FAMILY = "1,2";
				TEST_TARGET_NAME = kafo;
			};
			name = Release;
		};
/* End XCBuildConfiguration section */

/* Begin XCConfigurationList section */
		3277D1F72677BDCA00F84C30 /* Build configuration list for PBXProject "kafo" */ = {
			isa = XCConfigurationList;
			buildConfigurations = (
				3277D2242677BDCE00F84C30 /* Debug */,
				3277D2252677BDCE00F84C30 /* Release */,
			);
			defaultConfigurationIsVisible = 0;
			defaultConfigurationName = Release;
		};
		3277D2262677BDCE00F84C30 /* Build configuration list for PBXNativeTarget "kafo" */ = {
			isa = XCConfigurationList;
			buildConfigurations = (
				3277D2272677BDCE00F84C30 /* Debug */,
				3277D2282677BDCE00F84C30 /* Release */,
			);
			defaultConfigurationIsVisible = 0;
			defaultConfigurationName = Release;
		};
		3277D2292677BDCE00F84C30 /* Build configuration list for PBXNativeTarget "kafoTests" */ = {
			isa = XCConfigurationList;
			buildConfigurations = (
				3277D22A2677BDCE00F84C30 /* Debug */,
				3277D22B2677BDCE00F84C30 /* Release */,
			);
			defaultConfigurationIsVisible = 0;
			defaultConfigurationName = Release;
		};
		3277D22C2677BDCE00F84C30 /* Build configuration list for PBXNativeTarget "kafoUITests" */ = {
			isa = XCConfigurationList;
			buildConfigurations = (
				3277D22D2677BDCE00F84C30 /* Debug */,
				3277D22E2677BDCE00F84C30 /* Release */,
			);
			defaultConfigurationIsVisible = 0;
			defaultConfigurationName = Release;
		};
/* End XCConfigurationList section */
	};
	rootObject = 3277D1F42677BDCA00F84C30 /* Project object */;
}
